{
  "pins" : [
    {
      "identity" : "alamofire",
      "kind" : "remoteSourceControl",
      "location" : "https://github.com/Alamofire/Alamofire.git",
      "state" : {
        "revision" : "bc268c28fb170f494de9e9927c371b8342979ece",
        "version" : "5.7.1"
      }
    },
    {
      "identity" : "inputbaraccessoryview",
      "kind" : "remoteSourceControl",
      "location" : "https://github.com/nathantannar4/InputBarAccessoryView",
      "state" : {
        "revision" : "039a9cb3ae8c5bc4d39242a6aa688b88023633d3",
        "version" : "6.2.0"
      }
    },
    {
      "identity" : "messagekit",
      "kind" : "remoteSourceControl",
      "location" : "https://github.com/MessageKit/MessageKit",
      "state" : {
        "revision" : "14bfa7eb9f93267c3d7b8cdf58615bba27be672a",
        "version" : "4.1.1"
      }
    },
    {
      "identity" : "moya",
      "kind" : "remoteSourceControl",
      "location" : "https://github.com/Moya/Moya.git",
      "state" : {
        "revision" : "c263811c1f3dbf002be9bd83107f7cdc38992b26",
        "version" : "15.0.3"
      }
    },
    {
      "identity" : "openaiswift",
      "kind" : "remoteSourceControl",
      "location" : "https://github.com/marcoboerner/OpenAISwift",
      "state" : {
        "branch" : "main",
        "revision" : "db672dfa61a04d36ce52d862557bda2798a3328d"
      }
    },
    {
      "identity" : "reactiveswift",
      "kind" : "remoteSourceControl",
      "location" : "https://github.com/ReactiveCocoa/ReactiveSwift.git",
      "state" : {
        "revision" : "c43bae3dac73fdd3cb906bd5a1914686ca71ed3c",
        "version" : "6.7.0"
      }
    },
    {
      "identity" : "rxswift",
      "kind" : "remoteSourceControl",
      "location" : "https://github.com/ReactiveX/RxSwift.git",
      "state" : {
        "revision" : "9dcaa4b333db437b0fbfaf453fad29069044a8b4",
        "version" : "6.6.0"
      }
    }
  ],
  "version" : 2
}
