// !$*UTF8*$!
{
	archiveVersion = 1;
	classes = {
	};
	objectVersion = 56;
	objects = {

/* Begin PBXBuildFile section */
		572145A42AA9BEFD00F7BC4E /* CustomImagePickerViewModel.swift in Sources */ = {isa = PBXBuildFile; fileRef = 572145A32AA9BEFD00F7BC4E /* CustomImagePickerViewModel.swift */; };
		573BCCFD2A8BAE4100116D2D /* CoordinationFinishDelegate.swift in Sources */ = {isa = PBXBuildFile; fileRef = 573BCCFB2A8BAE4100116D2D /* CoordinationFinishDelegate.swift */; };
		573BCCFE2A8BAE4100116D2D /* Coordinator.swift in Sources */ = {isa = PBXBuildFile; fileRef = 573BCCFC2A8BAE4100116D2D /* Coordinator.swift */; };
		573BCD042A8BAF7600116D2D /* HomeViewController.swift in Sources */ = {isa = PBXBuildFile; fileRef = 573BCD012A8BAF7600116D2D /* HomeViewController.swift */; };
		573BCD072A8BAFE300116D2D /* AppCoordinator.swift in Sources */ = {isa = PBXBuildFile; fileRef = 573BCD062A8BAFE300116D2D /* AppCoordinator.swift */; };
		573BCD0B2A8BBBC000116D2D /* NSMutableAttributedString+text.swift in Sources */ = {isa = PBXBuildFile; fileRef = 573BCD0A2A8BBBC000116D2D /* NSMutableAttributedString+text.swift */; };
		573BCD0D2A8BC10E00116D2D /* HomeMenuButton.swift in Sources */ = {isa = PBXBuildFile; fileRef = 573BCD0C2A8BC10E00116D2D /* HomeMenuButton.swift */; };
		573BCD152A8D21E800116D2D /* Font.swift in Sources */ = {isa = PBXBuildFile; fileRef = 573BCD142A8D21E800116D2D /* Font.swift */; };
		573BCD1B2A8E543800116D2D /* BottomMenuCell.swift in Sources */ = {isa = PBXBuildFile; fileRef = 573BCD1A2A8E543800116D2D /* BottomMenuCell.swift */; };
		573BCD1D2A8E682200116D2D /* BottomMenuItem.swift in Sources */ = {isa = PBXBuildFile; fileRef = 573BCD1C2A8E682200116D2D /* BottomMenuItem.swift */; };
		573BCD222A8F42DA00116D2D /* SecretStorage.swift in Sources */ = {isa = PBXBuildFile; fileRef = 573BCD212A8F42DA00116D2D /* SecretStorage.swift */; };
		573BCD232A8F43B200116D2D /* HomeCoordinator.swift in Sources */ = {isa = PBXBuildFile; fileRef = 573BCD022A8BAF7600116D2D /* HomeCoordinator.swift */; };
		573BCD242A8F43BD00116D2D /* HomeViewModel.swift in Sources */ = {isa = PBXBuildFile; fileRef = 573BCD002A8BAF7600116D2D /* HomeViewModel.swift */; };
		573BCD262A8F46B900116D2D /* ChatCoordinator.swift in Sources */ = {isa = PBXBuildFile; fileRef = 573BCD252A8F46B900116D2D /* ChatCoordinator.swift */; };
		573BCD412A91FE7700116D2D /* RecommendationCellSizeCalculator.swift in Sources */ = {isa = PBXBuildFile; fileRef = 573BCD402A91FE7700116D2D /* RecommendationCellSizeCalculator.swift */; };
		573BCD432A920D2E00116D2D /* SystemMessageCellSizeCalculator.swift in Sources */ = {isa = PBXBuildFile; fileRef = 573BCD422A920D2E00116D2D /* SystemMessageCellSizeCalculator.swift */; };
		573BCD462A92141500116D2D /* RecommendationCell.swift in Sources */ = {isa = PBXBuildFile; fileRef = 573BCD452A92141500116D2D /* RecommendationCell.swift */; };
		573BCD482A92146F00116D2D /* RecommendationCellViewModel.swift in Sources */ = {isa = PBXBuildFile; fileRef = 573BCD472A92146F00116D2D /* RecommendationCellViewModel.swift */; };
		573BCD4A2A92149F00116D2D /* RecommendationItemCell.swift in Sources */ = {isa = PBXBuildFile; fileRef = 573BCD492A92149F00116D2D /* RecommendationItemCell.swift */; };
		573BCD562A925BA700116D2D /* ChatListViewController.swift in Sources */ = {isa = PBXBuildFile; fileRef = 573BCD552A925BA700116D2D /* ChatListViewController.swift */; };
		573BCD5A2A925C2F00116D2D /* ChatListViewModel.swift in Sources */ = {isa = PBXBuildFile; fileRef = 573BCD592A925C2F00116D2D /* ChatListViewModel.swift */; };
		573BCD5C2A925C3700116D2D /* ChatListCoordinator.swift in Sources */ = {isa = PBXBuildFile; fileRef = 573BCD5B2A925C3700116D2D /* ChatListCoordinator.swift */; };
		573BCD5E2A92618500116D2D /* ChatListCell.swift in Sources */ = {isa = PBXBuildFile; fileRef = 573BCD5D2A92618500116D2D /* ChatListCell.swift */; };
		573BCD602A93167200116D2D /* Chat.swift in Sources */ = {isa = PBXBuildFile; fileRef = 573BCD5F2A93167200116D2D /* Chat.swift */; };
		573BCD642A934D4500116D2D /* DateFormatter+shared.swift in Sources */ = {isa = PBXBuildFile; fileRef = 573BCD632A934D4500116D2D /* DateFormatter+shared.swift */; };
		573BCD692A9365B300116D2D /* AvatarHeaderView.swift in Sources */ = {isa = PBXBuildFile; fileRef = 573BCD682A9365B300116D2D /* AvatarHeaderView.swift */; };
		573BCD6B2A936F0D00116D2D /* UIImage+resize.swift in Sources */ = {isa = PBXBuildFile; fileRef = 573BCD6A2A936F0D00116D2D /* UIImage+resize.swift */; };
		57462B272A94E9B600949D5C /* ChatStorage.swift in Sources */ = {isa = PBXBuildFile; fileRef = 57462B262A94E9B600949D5C /* ChatStorage.swift */; };
		57462B2C2A94EB5B00949D5C /* CoreDataService.swift in Sources */ = {isa = PBXBuildFile; fileRef = 57462B2B2A94EB5B00949D5C /* CoreDataService.swift */; };
		57462B322A94EC8800949D5C /* CoreDataModel.xcdatamodeld in Sources */ = {isa = PBXBuildFile; fileRef = 57462B302A94EC8800949D5C /* CoreDataModel.xcdatamodeld */; };
		57462B442A94F92A00949D5C /* MessageKind+description.swift in Sources */ = {isa = PBXBuildFile; fileRef = 57462B432A94F92A00949D5C /* MessageKind+description.swift */; };
		57462B4B2A95B5ED00949D5C /* ChatRepository.swift in Sources */ = {isa = PBXBuildFile; fileRef = 57462B4A2A95B5ED00949D5C /* ChatRepository.swift */; };
		57462B4D2A95B6AC00949D5C /* DefaultChatRepository.swift in Sources */ = {isa = PBXBuildFile; fileRef = 57462B4C2A95B6AC00949D5C /* DefaultChatRepository.swift */; };
		57462B5B2A95E12A00949D5C /* StorageError.swift in Sources */ = {isa = PBXBuildFile; fileRef = 57462B5A2A95E12A00949D5C /* StorageError.swift */; };
		57462B682A95E90700949D5C /* MessageEntity+CoreDataClass.swift in Sources */ = {isa = PBXBuildFile; fileRef = 57462B602A95E90700949D5C /* MessageEntity+CoreDataClass.swift */; };
		57462B692A95E90700949D5C /* MessageEntity+CoreDataProperties.swift in Sources */ = {isa = PBXBuildFile; fileRef = 57462B612A95E90700949D5C /* MessageEntity+CoreDataProperties.swift */; };
		57462B6E2A95EAF700949D5C /* ChatEntity+CoreDataClass.swift in Sources */ = {isa = PBXBuildFile; fileRef = 57462B6C2A95EAF700949D5C /* ChatEntity+CoreDataClass.swift */; };
		57462B6F2A95EAF700949D5C /* ChatEntity+CoreDataProperties.swift in Sources */ = {isa = PBXBuildFile; fileRef = 57462B6D2A95EAF700949D5C /* ChatEntity+CoreDataProperties.swift */; };
		57462B712A95F74500949D5C /* MediaItemDAO.swift in Sources */ = {isa = PBXBuildFile; fileRef = 57462B702A95F74500949D5C /* MediaItemDAO.swift */; };
		57462B742A96001700949D5C /* ChatUseCase.swift in Sources */ = {isa = PBXBuildFile; fileRef = 57462B732A96001700949D5C /* ChatUseCase.swift */; };
		57462B782A96302C00949D5C /* RecommendationEntity+CoreDataClass.swift in Sources */ = {isa = PBXBuildFile; fileRef = 57462B762A96302C00949D5C /* RecommendationEntity+CoreDataClass.swift */; };
		57462B792A96302C00949D5C /* RecommendationEntity+CoreDataProperties.swift in Sources */ = {isa = PBXBuildFile; fileRef = 57462B772A96302C00949D5C /* RecommendationEntity+CoreDataProperties.swift */; };
		57462B7C2A9630D200949D5C /* TagEntity+CoreDataClass.swift in Sources */ = {isa = PBXBuildFile; fileRef = 57462B7A2A9630D200949D5C /* TagEntity+CoreDataClass.swift */; };
		57462B7D2A9630D200949D5C /* TagEntity+CoreDataProperties.swift in Sources */ = {isa = PBXBuildFile; fileRef = 57462B7B2A9630D200949D5C /* TagEntity+CoreDataProperties.swift */; };
		57567F812AAF13EF00B1F7CB /* ImageCompressor.swift in Sources */ = {isa = PBXBuildFile; fileRef = 57567F802AAF13EF00B1F7CB /* ImageCompressor.swift */; };
		5763DEEB2A9885E40028B19F /* FeedbackButton.swift in Sources */ = {isa = PBXBuildFile; fileRef = 5763DEEA2A9885E40028B19F /* FeedbackButton.swift */; };
		5763DEEF2A9896EE0028B19F /* FeedbackTextView.swift in Sources */ = {isa = PBXBuildFile; fileRef = 5763DEEE2A9896EE0028B19F /* FeedbackTextView.swift */; };
		5763DEF12A98FA950028B19F /* PopUpViewController.swift in Sources */ = {isa = PBXBuildFile; fileRef = 5763DEF02A98FA950028B19F /* PopUpViewController.swift */; };
		5763DEF32A9908270028B19F /* UIViewController+showPopUp.swift in Sources */ = {isa = PBXBuildFile; fileRef = 5763DEF22A9908270028B19F /* UIViewController+showPopUp.swift */; };
		5763DEF52A991D320028B19F /* PopUpViewModel.swift in Sources */ = {isa = PBXBuildFile; fileRef = 5763DEF42A991D320028B19F /* PopUpViewModel.swift */; };
		5763DEF72A991D560028B19F /* UserFeedback.swift in Sources */ = {isa = PBXBuildFile; fileRef = 5763DEF62A991D560028B19F /* UserFeedback.swift */; };
		5763DEFD2A99B81F0028B19F /* PopUpContentView.swift in Sources */ = {isa = PBXBuildFile; fileRef = 5763DEFC2A99B81F0028B19F /* PopUpContentView.swift */; };
		5763DEFF2A99B9300028B19F /* PopUpModel.swift in Sources */ = {isa = PBXBuildFile; fileRef = 5763DEFE2A99B9300028B19F /* PopUpModel.swift */; };
		5763DF072A9CA8020028B19F /* ChatInterfaceViewModel.swift in Sources */ = {isa = PBXBuildFile; fileRef = 5763DF062A9CA8020028B19F /* ChatInterfaceViewModel.swift */; };
		5763DF092A9CAF220028B19F /* NotificationName+swift.swift in Sources */ = {isa = PBXBuildFile; fileRef = 5763DF082A9CAF220028B19F /* NotificationName+swift.swift */; };
		57684BF92A73CAFE008AB8C9 /* DefaultOpenAIRepository.swift in Sources */ = {isa = PBXBuildFile; fileRef = 57684BF82A73CAFE008AB8C9 /* DefaultOpenAIRepository.swift */; };
		576EC3A92A9742DC008C2D7C /* SearchBarView.swift in Sources */ = {isa = PBXBuildFile; fileRef = 576EC3A82A9742DC008C2D7C /* SearchBarView.swift */; };
		576EC3AE2A978077008C2D7C /* TextAttributeCreator.swift in Sources */ = {isa = PBXBuildFile; fileRef = 576EC3AD2A978077008C2D7C /* TextAttributeCreator.swift */; };
		576EC3B32A97B39F008C2D7C /* CircleIconView.swift in Sources */ = {isa = PBXBuildFile; fileRef = 576EC3B22A97B39F008C2D7C /* CircleIconView.swift */; };
		576EC3B52A97BE8F008C2D7C /* RectangleTextButton.swift in Sources */ = {isa = PBXBuildFile; fileRef = 576EC3B42A97BE8F008C2D7C /* RectangleTextButton.swift */; };
		57A54C872AA8C6BA0087B640 /* CustomImagePickerViewController.swift in Sources */ = {isa = PBXBuildFile; fileRef = 57A54C862AA8C6BA0087B640 /* CustomImagePickerViewController.swift */; };
		57A54C8A2AA8CB280087B640 /* CustomImagePickerCell.swift in Sources */ = {isa = PBXBuildFile; fileRef = 57A54C892AA8CB280087B640 /* CustomImagePickerCell.swift */; };
		57A54C8E2AA8D8B50087B640 /* CustomImagePickerHeaderView.swift in Sources */ = {isa = PBXBuildFile; fileRef = 57A54C8D2AA8D8B50087B640 /* CustomImagePickerHeaderView.swift */; };
		57A54C902AA8D9350087B640 /* CustomButton.swift in Sources */ = {isa = PBXBuildFile; fileRef = 57A54C8F2AA8D9350087B640 /* CustomButton.swift */; };
		57A54C922AA997560087B640 /* GoogleService-Info.plist in Resources */ = {isa = PBXBuildFile; fileRef = 57A54C912AA996F00087B640 /* GoogleService-Info.plist */; };
		57C100192A8B91E700A664FD /* Color.swift in Sources */ = {isa = PBXBuildFile; fileRef = 57C100182A8B91E700A664FD /* Color.swift */; };
		57C1FFFC2A78CBAA00A664FD /* OpenAISwift in Frameworks */ = {isa = PBXBuildFile; productRef = 57C1FFFB2A78CBAA00A664FD /* OpenAISwift */; };
		57C2BEF72AA47D1D0074DA8C /* CustomInputBarAccessoryView.swift in Sources */ = {isa = PBXBuildFile; fileRef = 57C2BEF62AA47D1D0074DA8C /* CustomInputBarAccessoryView.swift */; };
		57C2BEFB2AA748720074DA8C /* UserFeedbackRepository.swift in Sources */ = {isa = PBXBuildFile; fileRef = 57C2BEFA2AA748720074DA8C /* UserFeedbackRepository.swift */; };
		57C2BEFD2AA749210074DA8C /* DefaultUserFeedbackRepository.swift in Sources */ = {isa = PBXBuildFile; fileRef = 57C2BEFC2AA749210074DA8C /* DefaultUserFeedbackRepository.swift */; };
		57C2BF002AA74B510074DA8C /* UserFeedbackStorage.swift in Sources */ = {isa = PBXBuildFile; fileRef = 57C2BEFF2AA74B510074DA8C /* UserFeedbackStorage.swift */; };
		57C2BF022AA74FB20074DA8C /* UserFeedbackRequestModel.swift in Sources */ = {isa = PBXBuildFile; fileRef = 57C2BF012AA74FB20074DA8C /* UserFeedbackRequestModel.swift */; };
		57C2BF042AA752840074DA8C /* UserFeedbackUseCase.swift in Sources */ = {isa = PBXBuildFile; fileRef = 57C2BF032AA752840074DA8C /* UserFeedbackUseCase.swift */; };
		57C2BF062AA7539B0074DA8C /* FirebaseUserFeedbackStorage.swift in Sources */ = {isa = PBXBuildFile; fileRef = 57C2BF052AA7539B0074DA8C /* FirebaseUserFeedbackStorage.swift */; };
		57C2BF092AA85E2D0074DA8C /* FirebaseFirestore in Frameworks */ = {isa = PBXBuildFile; productRef = 57C2BF082AA85E2D0074DA8C /* FirebaseFirestore */; };
		57C2BF0F2AA8890F0074DA8C /* UIView+InputItem.swift in Sources */ = {isa = PBXBuildFile; fileRef = 57C2BF0E2AA8890E0074DA8C /* UIView+InputItem.swift */; };
		57C2BF112AA8BD2B0074DA8C /* PhotoMessageSizeCalculator.swift in Sources */ = {isa = PBXBuildFile; fileRef = 57C2BF102AA8BD2B0074DA8C /* PhotoMessageSizeCalculator.swift */; };
		57C52C962AAF344D000F7F30 /* DesignAssetName.swift in Sources */ = {isa = PBXBuildFile; fileRef = 57C52C952AAF344D000F7F30 /* DesignAssetName.swift */; };
		57DA986E2A9DD1DA0074409B /* OpenAIUseCase.swift in Sources */ = {isa = PBXBuildFile; fileRef = 57DA986D2A9DD1DA0074409B /* OpenAIUseCase.swift */; };
		57DA98702A9E376B0074409B /* GoogleCustomSearchAPI.swift in Sources */ = {isa = PBXBuildFile; fileRef = 57DA986F2A9E376B0074409B /* GoogleCustomSearchAPI.swift */; };
		57DA98722A9E38E40074409B /* ImageSearchRequestModel.swift in Sources */ = {isa = PBXBuildFile; fileRef = 57DA98712A9E38E40074409B /* ImageSearchRequestModel.swift */; };
		57DA98742A9E3B580074409B /* ImageSearchDTO.swift in Sources */ = {isa = PBXBuildFile; fileRef = 57DA98732A9E3B580074409B /* ImageSearchDTO.swift */; };
		57DA98762A9E4B200074409B /* ImageSearchRepository.swift in Sources */ = {isa = PBXBuildFile; fileRef = 57DA98752A9E4B200074409B /* ImageSearchRepository.swift */; };
		57DA98782A9E4B420074409B /* DefaultImageSearchRepository.swift in Sources */ = {isa = PBXBuildFile; fileRef = 57DA98772A9E4B420074409B /* DefaultImageSearchRepository.swift */; };
		57DA987A2A9F00B30074409B /* ImageSearchUseCase.swift in Sources */ = {isa = PBXBuildFile; fileRef = 57DA98792A9F00B30074409B /* ImageSearchUseCase.swift */; };
		57DA987F2A9F4A100074409B /* FirebaseAnalytics in Frameworks */ = {isa = PBXBuildFile; productRef = 57DA987E2A9F4A100074409B /* FirebaseAnalytics */; };
		57DA98882A9F81300074409B /* OpenAIRepository.swift in Sources */ = {isa = PBXBuildFile; fileRef = 57DA98872A9F81300074409B /* OpenAIRepository.swift */; };
		57DA988B2A9F8C830074409B /* ImageManager.swift in Sources */ = {isa = PBXBuildFile; fileRef = 57DA988A2A9F8C830074409B /* ImageManager.swift */; };
		57DA988F2AA0663C0074409B /* CoreDataChatStorage.swift in Sources */ = {isa = PBXBuildFile; fileRef = 57DA988E2AA0663C0074409B /* CoreDataChatStorage.swift */; };
		57DA98912AA0BECC0074409B /* AttributedTextCellSizeCalculator.swift in Sources */ = {isa = PBXBuildFile; fileRef = 57DA98902AA0BECC0074409B /* AttributedTextCellSizeCalculator.swift */; };
		D20FA2732A6B8DA90081B039 /* AppDelegate.swift in Sources */ = {isa = PBXBuildFile; fileRef = D20FA2722A6B8DA90081B039 /* AppDelegate.swift */; };
		D20FA2752A6B8DA90081B039 /* SceneDelegate.swift in Sources */ = {isa = PBXBuildFile; fileRef = D20FA2742A6B8DA90081B039 /* SceneDelegate.swift */; };
		D20FA27C2A6B8DAC0081B039 /* Assets.xcassets in Resources */ = {isa = PBXBuildFile; fileRef = D20FA27B2A6B8DAC0081B039 /* Assets.xcassets */; };
		D20FA27F2A6B8DAC0081B039 /* LaunchScreen.storyboard in Resources */ = {isa = PBXBuildFile; fileRef = D20FA27D2A6B8DAC0081B039 /* LaunchScreen.storyboard */; };
		D20FA28E2A6B98AC0081B039 /* NetworkService.swift in Sources */ = {isa = PBXBuildFile; fileRef = D20FA28D2A6B98AC0081B039 /* NetworkService.swift */; };
		D20FA2912A6B99B40081B039 /* Moya in Frameworks */ = {isa = PBXBuildFile; productRef = D20FA2902A6B99B40081B039 /* Moya */; };
		D20FA2932A6BB3C40081B039 /* MultiMoyaProvider.swift in Sources */ = {isa = PBXBuildFile; fileRef = D20FA2922A6BB3C40081B039 /* MultiMoyaProvider.swift */; };
		D20FA2952A6BB4400081B039 /* DecodableTargetType.swift in Sources */ = {isa = PBXBuildFile; fileRef = D20FA2942A6BB4400081B039 /* DecodableTargetType.swift */; };
		D20FA2982A6BB9340081B039 /* GoogleVisionLabelDetectionAPI.swift in Sources */ = {isa = PBXBuildFile; fileRef = D20FA2972A6BB9340081B039 /* GoogleVisionLabelDetectionAPI.swift */; };
		D20FA29A2A6BB9E20081B039 /* LabelDectionDTO.swift in Sources */ = {isa = PBXBuildFile; fileRef = D20FA2992A6BB9E20081B039 /* LabelDectionDTO.swift */; };
		D20FA29D2A6BC6590081B039 /* DetectedImageLabel.swift in Sources */ = {isa = PBXBuildFile; fileRef = D20FA29C2A6BC6590081B039 /* DetectedImageLabel.swift */; };
		D20FA2A22A6BC8650081B039 /* DefaultGoogleVisionRepository.swift in Sources */ = {isa = PBXBuildFile; fileRef = D20FA2A12A6BC8650081B039 /* DefaultGoogleVisionRepository.swift */; };
		D20FA2A82A6BD4830081B039 /* GoogleVisionRequestModel.swift in Sources */ = {isa = PBXBuildFile; fileRef = D20FA2A72A6BD4830081B039 /* GoogleVisionRequestModel.swift */; };
		D20FA2AB2A6BE34D0081B039 /* Encodable+toDictionary.swift in Sources */ = {isa = PBXBuildFile; fileRef = D20FA2AA2A6BE34D0081B039 /* Encodable+toDictionary.swift */; };
		D23037782A8C65E40017950E /* SystemMessageCell.swift in Sources */ = {isa = PBXBuildFile; fileRef = D23037772A8C65E40017950E /* SystemMessageCell.swift */; };
		D24DF9C42A9695BB0066C5B3 /* TagStorage.swift in Sources */ = {isa = PBXBuildFile; fileRef = D24DF9C32A9695BB0066C5B3 /* TagStorage.swift */; };
		D24DF9C62A9876620066C5B3 /* CustomTagContentCellViewModel.swift in Sources */ = {isa = PBXBuildFile; fileRef = D24DF9C52A9876620066C5B3 /* CustomTagContentCellViewModel.swift */; };
		D25E3EC62A8C7038006AD283 /* UploadButtonCell.swift in Sources */ = {isa = PBXBuildFile; fileRef = D25E3EC52A8C7038006AD283 /* UploadButtonCell.swift */; };
		D263D7CE2AA9DFDA00BBF8C1 /* LoadingResponseCell.swift in Sources */ = {isa = PBXBuildFile; fileRef = D263D7CD2AA9DFDA00BBF8C1 /* LoadingResponseCell.swift */; };
		D263D7D12AA9E09400BBF8C1 /* Lottie in Frameworks */ = {isa = PBXBuildFile; productRef = D263D7D02AA9E09400BBF8C1 /* Lottie */; };
		D263D7D32AA9E3FE00BBF8C1 /* LoadingResponseMessageSizeCalculator.swift in Sources */ = {isa = PBXBuildFile; fileRef = D263D7D22AA9E3FE00BBF8C1 /* LoadingResponseMessageSizeCalculator.swift */; };
		D268468A2AA10A5600831097 /* TranslateDTO.swift in Sources */ = {isa = PBXBuildFile; fileRef = D26846892AA10A5600831097 /* TranslateDTO.swift */; };
		D268468C2AA10AA500831097 /* PapagoTranslateAPI.swift in Sources */ = {isa = PBXBuildFile; fileRef = D268468B2AA10AA500831097 /* PapagoTranslateAPI.swift */; };
		D268468E2AA10E4700831097 /* PapagoTranslateRequestModel.swift in Sources */ = {isa = PBXBuildFile; fileRef = D268468D2AA10E4700831097 /* PapagoTranslateRequestModel.swift */; };
		D26846902AA1109E00831097 /* DefaultTranslateRepository.swift in Sources */ = {isa = PBXBuildFile; fileRef = D268468F2AA1109E00831097 /* DefaultTranslateRepository.swift */; };
		D26846922AA1134900831097 /* TranslateUseCase.swift in Sources */ = {isa = PBXBuildFile; fileRef = D26846912AA1134900831097 /* TranslateUseCase.swift */; };
		D26846942AA115AB00831097 /* TranslateRepository.swift in Sources */ = {isa = PBXBuildFile; fileRef = D26846932AA115AB00831097 /* TranslateRepository.swift */; };
		D26E6BA32A9E1CD90069A6DC /* GoogleVisionUseCase.swift in Sources */ = {isa = PBXBuildFile; fileRef = D26E6BA22A9E1CD90069A6DC /* GoogleVisionUseCase.swift */; };
		D26E6BA52A9E20440069A6DC /* GoogleVisionRepository.swift in Sources */ = {isa = PBXBuildFile; fileRef = D26E6BA42A9E20440069A6DC /* GoogleVisionRepository.swift */; };
		D272925B2AA5E2C5001878D0 /* ChatHistoryViewModel.swift in Sources */ = {isa = PBXBuildFile; fileRef = D272925A2AA5E2C5001878D0 /* ChatHistoryViewModel.swift */; };
		D272925D2AA5E2DF001878D0 /* ChatHistoryViewController.swift in Sources */ = {isa = PBXBuildFile; fileRef = D272925C2AA5E2DF001878D0 /* ChatHistoryViewController.swift */; };
		D272925F2AA5E3D8001878D0 /* ChatHistoryCoordinator.swift in Sources */ = {isa = PBXBuildFile; fileRef = D272925E2AA5E3D8001878D0 /* ChatHistoryCoordinator.swift */; };
		D2833A302A8E1578000FEE30 /* MessageStorage.swift in Sources */ = {isa = PBXBuildFile; fileRef = D2833A2F2A8E1578000FEE30 /* MessageStorage.swift */; };
		D29DBD352A9F7EA100C856C0 /* VisionResultProcessor.swift in Sources */ = {isa = PBXBuildFile; fileRef = D29DBD342A9F7EA100C856C0 /* VisionResultProcessor.swift */; };
		D2C2476B2A93606800C547EC /* ButtonMessageCellSizeCalculator.swift in Sources */ = {isa = PBXBuildFile; fileRef = D2C2476A2A93606800C547EC /* ButtonMessageCellSizeCalculator.swift */; };
		D2E3AA262A8B62320049DDEF /* ChatViewController.swift in Sources */ = {isa = PBXBuildFile; fileRef = D2E3AA252A8B62320049DDEF /* ChatViewController.swift */; };
		D2E3AA282A8B62400049DDEF /* ChatViewModel.swift in Sources */ = {isa = PBXBuildFile; fileRef = D2E3AA272A8B62400049DDEF /* ChatViewModel.swift */; };
		D2E3AA2D2A8B64740049DDEF /* MessageKit in Frameworks */ = {isa = PBXBuildFile; productRef = D2E3AA2C2A8B64740049DDEF /* MessageKit */; };
		D2E3AA332A8B83520049DDEF /* ChatInterfaceViewController.swift in Sources */ = {isa = PBXBuildFile; fileRef = D2E3AA322A8B83520049DDEF /* ChatInterfaceViewController.swift */; };
		D2E3AA372A8B85AB0049DDEF /* Sender.swift in Sources */ = {isa = PBXBuildFile; fileRef = D2E3AA362A8B85AB0049DDEF /* Sender.swift */; };
		D2E3AA392A8B87630049DDEF /* Message.swift in Sources */ = {isa = PBXBuildFile; fileRef = D2E3AA382A8B87630049DDEF /* Message.swift */; };
		D2E810E82A70394F00136F99 /* GoogleVisionLandmarkDetectionAPI.swift in Sources */ = {isa = PBXBuildFile; fileRef = D2E810E72A70394F00136F99 /* GoogleVisionLandmarkDetectionAPI.swift */; };
		D2E810EA2A7039E700136F99 /* LandmarkDetectionDTO.swift in Sources */ = {isa = PBXBuildFile; fileRef = D2E810E92A7039E700136F99 /* LandmarkDetectionDTO.swift */; };
		D2E810EC2A70427500136F99 /* DetectedLandmark.swift in Sources */ = {isa = PBXBuildFile; fileRef = D2E810EB2A70427500136F99 /* DetectedLandmark.swift */; };
		D2E81B8A2A9116F6006A5236 /* ContentItem.swift in Sources */ = {isa = PBXBuildFile; fileRef = D2E81B892A9116F6006A5236 /* ContentItem.swift */; };
		D2E81B8C2A9138E9006A5236 /* LeftAlignedCollectionViewFlowLayout.swift in Sources */ = {isa = PBXBuildFile; fileRef = D2E81B8B2A9138E9006A5236 /* LeftAlignedCollectionViewFlowLayout.swift */; };
		D2E81B8E2A913AF8006A5236 /* TagCollectionHeaderView.swift in Sources */ = {isa = PBXBuildFile; fileRef = D2E81B8D2A913AF8006A5236 /* TagCollectionHeaderView.swift */; };
		D2F8C57C2A8F490C00AA3BFC /* CustomCellSizeCalculator.swift in Sources */ = {isa = PBXBuildFile; fileRef = D2F8C57B2A8F490C00AA3BFC /* CustomCellSizeCalculator.swift */; };
		D2F8C57E2A8F4AEF00AA3BFC /* CustomTagContentCell.swift in Sources */ = {isa = PBXBuildFile; fileRef = D2F8C57D2A8F4AEF00AA3BFC /* CustomTagContentCell.swift */; };
		D2F8C5802A8F4BAD00AA3BFC /* TagMessageCellSizeCalculator.swift in Sources */ = {isa = PBXBuildFile; fileRef = D2F8C57F2A8F4BAD00AA3BFC /* TagMessageCellSizeCalculator.swift */; };
		D2F8C5872A8F6E2700AA3BFC /* TagCollectionViewCell.swift in Sources */ = {isa = PBXBuildFile; fileRef = D2F8C5862A8F6E2700AA3BFC /* TagCollectionViewCell.swift */; };
/* End PBXBuildFile section */

/* Begin PBXFileReference section */
		572145A32AA9BEFD00F7BC4E /* CustomImagePickerViewModel.swift */ = {isa = PBXFileReference; lastKnownFileType = sourcecode.swift; path = CustomImagePickerViewModel.swift; sourceTree = "<group>"; };
		573BCCFB2A8BAE4100116D2D /* CoordinationFinishDelegate.swift */ = {isa = PBXFileReference; fileEncoding = 4; lastKnownFileType = sourcecode.swift; path = CoordinationFinishDelegate.swift; sourceTree = "<group>"; };
		573BCCFC2A8BAE4100116D2D /* Coordinator.swift */ = {isa = PBXFileReference; fileEncoding = 4; lastKnownFileType = sourcecode.swift; path = Coordinator.swift; sourceTree = "<group>"; };
		573BCD002A8BAF7600116D2D /* HomeViewModel.swift */ = {isa = PBXFileReference; fileEncoding = 4; lastKnownFileType = sourcecode.swift; path = HomeViewModel.swift; sourceTree = "<group>"; };
		573BCD012A8BAF7600116D2D /* HomeViewController.swift */ = {isa = PBXFileReference; fileEncoding = 4; lastKnownFileType = sourcecode.swift; path = HomeViewController.swift; sourceTree = "<group>"; };
		573BCD022A8BAF7600116D2D /* HomeCoordinator.swift */ = {isa = PBXFileReference; fileEncoding = 4; lastKnownFileType = sourcecode.swift; path = HomeCoordinator.swift; sourceTree = "<group>"; };
		573BCD062A8BAFE300116D2D /* AppCoordinator.swift */ = {isa = PBXFileReference; lastKnownFileType = sourcecode.swift; path = AppCoordinator.swift; sourceTree = "<group>"; };
		573BCD0A2A8BBBC000116D2D /* NSMutableAttributedString+text.swift */ = {isa = PBXFileReference; lastKnownFileType = sourcecode.swift; path = "NSMutableAttributedString+text.swift"; sourceTree = "<group>"; };
		573BCD0C2A8BC10E00116D2D /* HomeMenuButton.swift */ = {isa = PBXFileReference; lastKnownFileType = sourcecode.swift; path = HomeMenuButton.swift; sourceTree = "<group>"; };
		573BCD142A8D21E800116D2D /* Font.swift */ = {isa = PBXFileReference; lastKnownFileType = sourcecode.swift; path = Font.swift; sourceTree = "<group>"; };
		573BCD1A2A8E543800116D2D /* BottomMenuCell.swift */ = {isa = PBXFileReference; lastKnownFileType = sourcecode.swift; path = BottomMenuCell.swift; sourceTree = "<group>"; };
		573BCD1C2A8E682200116D2D /* BottomMenuItem.swift */ = {isa = PBXFileReference; lastKnownFileType = sourcecode.swift; path = BottomMenuItem.swift; sourceTree = "<group>"; };
		573BCD212A8F42DA00116D2D /* SecretStorage.swift */ = {isa = PBXFileReference; fileEncoding = 4; lastKnownFileType = sourcecode.swift; path = SecretStorage.swift; sourceTree = "<group>"; };
		573BCD252A8F46B900116D2D /* ChatCoordinator.swift */ = {isa = PBXFileReference; lastKnownFileType = sourcecode.swift; path = ChatCoordinator.swift; sourceTree = "<group>"; };
		573BCD402A91FE7700116D2D /* RecommendationCellSizeCalculator.swift */ = {isa = PBXFileReference; lastKnownFileType = sourcecode.swift; path = RecommendationCellSizeCalculator.swift; sourceTree = "<group>"; };
		573BCD422A920D2E00116D2D /* SystemMessageCellSizeCalculator.swift */ = {isa = PBXFileReference; lastKnownFileType = sourcecode.swift; path = SystemMessageCellSizeCalculator.swift; sourceTree = "<group>"; };
		573BCD452A92141500116D2D /* RecommendationCell.swift */ = {isa = PBXFileReference; lastKnownFileType = sourcecode.swift; path = RecommendationCell.swift; sourceTree = "<group>"; };
		573BCD472A92146F00116D2D /* RecommendationCellViewModel.swift */ = {isa = PBXFileReference; lastKnownFileType = sourcecode.swift; path = RecommendationCellViewModel.swift; sourceTree = "<group>"; };
		573BCD492A92149F00116D2D /* RecommendationItemCell.swift */ = {isa = PBXFileReference; lastKnownFileType = sourcecode.swift; path = RecommendationItemCell.swift; sourceTree = "<group>"; };
		573BCD552A925BA700116D2D /* ChatListViewController.swift */ = {isa = PBXFileReference; lastKnownFileType = sourcecode.swift; path = ChatListViewController.swift; sourceTree = "<group>"; };
		573BCD592A925C2F00116D2D /* ChatListViewModel.swift */ = {isa = PBXFileReference; lastKnownFileType = sourcecode.swift; path = ChatListViewModel.swift; sourceTree = "<group>"; };
		573BCD5B2A925C3700116D2D /* ChatListCoordinator.swift */ = {isa = PBXFileReference; lastKnownFileType = sourcecode.swift; path = ChatListCoordinator.swift; sourceTree = "<group>"; };
		573BCD5D2A92618500116D2D /* ChatListCell.swift */ = {isa = PBXFileReference; lastKnownFileType = sourcecode.swift; path = ChatListCell.swift; sourceTree = "<group>"; };
		573BCD5F2A93167200116D2D /* Chat.swift */ = {isa = PBXFileReference; lastKnownFileType = sourcecode.swift; path = Chat.swift; sourceTree = "<group>"; };
		573BCD632A934D4500116D2D /* DateFormatter+shared.swift */ = {isa = PBXFileReference; lastKnownFileType = sourcecode.swift; path = "DateFormatter+shared.swift"; sourceTree = "<group>"; };
		573BCD682A9365B300116D2D /* AvatarHeaderView.swift */ = {isa = PBXFileReference; lastKnownFileType = sourcecode.swift; path = AvatarHeaderView.swift; sourceTree = "<group>"; };
		573BCD6A2A936F0D00116D2D /* UIImage+resize.swift */ = {isa = PBXFileReference; lastKnownFileType = sourcecode.swift; path = "UIImage+resize.swift"; sourceTree = "<group>"; };
		57462B262A94E9B600949D5C /* ChatStorage.swift */ = {isa = PBXFileReference; lastKnownFileType = sourcecode.swift; path = ChatStorage.swift; sourceTree = "<group>"; };
		57462B2B2A94EB5B00949D5C /* CoreDataService.swift */ = {isa = PBXFileReference; lastKnownFileType = sourcecode.swift; path = CoreDataService.swift; sourceTree = "<group>"; };
		57462B312A94EC8800949D5C /* CoreDataModel.xcdatamodel */ = {isa = PBXFileReference; lastKnownFileType = wrapper.xcdatamodel; path = CoreDataModel.xcdatamodel; sourceTree = "<group>"; };
		57462B432A94F92A00949D5C /* MessageKind+description.swift */ = {isa = PBXFileReference; lastKnownFileType = sourcecode.swift; path = "MessageKind+description.swift"; sourceTree = "<group>"; };
		57462B4A2A95B5ED00949D5C /* ChatRepository.swift */ = {isa = PBXFileReference; lastKnownFileType = sourcecode.swift; path = ChatRepository.swift; sourceTree = "<group>"; };
		57462B4C2A95B6AC00949D5C /* DefaultChatRepository.swift */ = {isa = PBXFileReference; lastKnownFileType = sourcecode.swift; path = DefaultChatRepository.swift; sourceTree = "<group>"; };
		57462B5A2A95E12A00949D5C /* StorageError.swift */ = {isa = PBXFileReference; lastKnownFileType = sourcecode.swift; path = StorageError.swift; sourceTree = "<group>"; };
		57462B602A95E90700949D5C /* MessageEntity+CoreDataClass.swift */ = {isa = PBXFileReference; lastKnownFileType = sourcecode.swift; path = "MessageEntity+CoreDataClass.swift"; sourceTree = "<group>"; };
		57462B612A95E90700949D5C /* MessageEntity+CoreDataProperties.swift */ = {isa = PBXFileReference; lastKnownFileType = sourcecode.swift; path = "MessageEntity+CoreDataProperties.swift"; sourceTree = "<group>"; };
		57462B6C2A95EAF700949D5C /* ChatEntity+CoreDataClass.swift */ = {isa = PBXFileReference; lastKnownFileType = sourcecode.swift; path = "ChatEntity+CoreDataClass.swift"; sourceTree = "<group>"; };
		57462B6D2A95EAF700949D5C /* ChatEntity+CoreDataProperties.swift */ = {isa = PBXFileReference; lastKnownFileType = sourcecode.swift; path = "ChatEntity+CoreDataProperties.swift"; sourceTree = "<group>"; };
		57462B702A95F74500949D5C /* MediaItemDAO.swift */ = {isa = PBXFileReference; lastKnownFileType = sourcecode.swift; path = MediaItemDAO.swift; sourceTree = "<group>"; };
		57462B732A96001700949D5C /* ChatUseCase.swift */ = {isa = PBXFileReference; lastKnownFileType = sourcecode.swift; path = ChatUseCase.swift; sourceTree = "<group>"; };
		57462B762A96302C00949D5C /* RecommendationEntity+CoreDataClass.swift */ = {isa = PBXFileReference; lastKnownFileType = sourcecode.swift; path = "RecommendationEntity+CoreDataClass.swift"; sourceTree = "<group>"; };
		57462B772A96302C00949D5C /* RecommendationEntity+CoreDataProperties.swift */ = {isa = PBXFileReference; lastKnownFileType = sourcecode.swift; path = "RecommendationEntity+CoreDataProperties.swift"; sourceTree = "<group>"; };
		57462B7A2A9630D200949D5C /* TagEntity+CoreDataClass.swift */ = {isa = PBXFileReference; lastKnownFileType = sourcecode.swift; path = "TagEntity+CoreDataClass.swift"; sourceTree = "<group>"; };
		57462B7B2A9630D200949D5C /* TagEntity+CoreDataProperties.swift */ = {isa = PBXFileReference; lastKnownFileType = sourcecode.swift; path = "TagEntity+CoreDataProperties.swift"; sourceTree = "<group>"; };
		57567F802AAF13EF00B1F7CB /* ImageCompressor.swift */ = {isa = PBXFileReference; lastKnownFileType = sourcecode.swift; path = ImageCompressor.swift; sourceTree = "<group>"; };
		5763DEEA2A9885E40028B19F /* FeedbackButton.swift */ = {isa = PBXFileReference; lastKnownFileType = sourcecode.swift; path = FeedbackButton.swift; sourceTree = "<group>"; };
		5763DEEE2A9896EE0028B19F /* FeedbackTextView.swift */ = {isa = PBXFileReference; lastKnownFileType = sourcecode.swift; path = FeedbackTextView.swift; sourceTree = "<group>"; };
		5763DEF02A98FA950028B19F /* PopUpViewController.swift */ = {isa = PBXFileReference; lastKnownFileType = sourcecode.swift; path = PopUpViewController.swift; sourceTree = "<group>"; };
		5763DEF22A9908270028B19F /* UIViewController+showPopUp.swift */ = {isa = PBXFileReference; lastKnownFileType = sourcecode.swift; path = "UIViewController+showPopUp.swift"; sourceTree = "<group>"; };
		5763DEF42A991D320028B19F /* PopUpViewModel.swift */ = {isa = PBXFileReference; lastKnownFileType = sourcecode.swift; path = PopUpViewModel.swift; sourceTree = "<group>"; };
		5763DEF62A991D560028B19F /* UserFeedback.swift */ = {isa = PBXFileReference; lastKnownFileType = sourcecode.swift; path = UserFeedback.swift; sourceTree = "<group>"; };
		5763DEFC2A99B81F0028B19F /* PopUpContentView.swift */ = {isa = PBXFileReference; lastKnownFileType = sourcecode.swift; path = PopUpContentView.swift; sourceTree = "<group>"; };
		5763DEFE2A99B9300028B19F /* PopUpModel.swift */ = {isa = PBXFileReference; lastKnownFileType = sourcecode.swift; path = PopUpModel.swift; sourceTree = "<group>"; };
		5763DF062A9CA8020028B19F /* ChatInterfaceViewModel.swift */ = {isa = PBXFileReference; lastKnownFileType = sourcecode.swift; path = ChatInterfaceViewModel.swift; sourceTree = "<group>"; };
		5763DF082A9CAF220028B19F /* NotificationName+swift.swift */ = {isa = PBXFileReference; lastKnownFileType = sourcecode.swift; path = "NotificationName+swift.swift"; sourceTree = "<group>"; };
		57684BF82A73CAFE008AB8C9 /* DefaultOpenAIRepository.swift */ = {isa = PBXFileReference; lastKnownFileType = sourcecode.swift; path = DefaultOpenAIRepository.swift; sourceTree = "<group>"; };
		576EC3A82A9742DC008C2D7C /* SearchBarView.swift */ = {isa = PBXFileReference; lastKnownFileType = sourcecode.swift; path = SearchBarView.swift; sourceTree = "<group>"; };
		576EC3AD2A978077008C2D7C /* TextAttributeCreator.swift */ = {isa = PBXFileReference; lastKnownFileType = sourcecode.swift; path = TextAttributeCreator.swift; sourceTree = "<group>"; };
		576EC3B22A97B39F008C2D7C /* CircleIconView.swift */ = {isa = PBXFileReference; lastKnownFileType = sourcecode.swift; path = CircleIconView.swift; sourceTree = "<group>"; };
		576EC3B42A97BE8F008C2D7C /* RectangleTextButton.swift */ = {isa = PBXFileReference; lastKnownFileType = sourcecode.swift; path = RectangleTextButton.swift; sourceTree = "<group>"; };
		57A54C862AA8C6BA0087B640 /* CustomImagePickerViewController.swift */ = {isa = PBXFileReference; lastKnownFileType = sourcecode.swift; path = CustomImagePickerViewController.swift; sourceTree = "<group>"; };
		57A54C892AA8CB280087B640 /* CustomImagePickerCell.swift */ = {isa = PBXFileReference; lastKnownFileType = sourcecode.swift; path = CustomImagePickerCell.swift; sourceTree = "<group>"; };
		57A54C8D2AA8D8B50087B640 /* CustomImagePickerHeaderView.swift */ = {isa = PBXFileReference; lastKnownFileType = sourcecode.swift; path = CustomImagePickerHeaderView.swift; sourceTree = "<group>"; };
		57A54C8F2AA8D9350087B640 /* CustomButton.swift */ = {isa = PBXFileReference; lastKnownFileType = sourcecode.swift; path = CustomButton.swift; sourceTree = "<group>"; };
		57A54C912AA996F00087B640 /* GoogleService-Info.plist */ = {isa = PBXFileReference; lastKnownFileType = text.plist.xml; path = "GoogleService-Info.plist"; sourceTree = "<group>"; };
		57C100182A8B91E700A664FD /* Color.swift */ = {isa = PBXFileReference; lastKnownFileType = sourcecode.swift; name = Color.swift; path = Color/Color.swift; sourceTree = "<group>"; };
		57C2BEF62AA47D1D0074DA8C /* CustomInputBarAccessoryView.swift */ = {isa = PBXFileReference; lastKnownFileType = sourcecode.swift; path = CustomInputBarAccessoryView.swift; sourceTree = "<group>"; };
		57C2BEFA2AA748720074DA8C /* UserFeedbackRepository.swift */ = {isa = PBXFileReference; lastKnownFileType = sourcecode.swift; path = UserFeedbackRepository.swift; sourceTree = "<group>"; };
		57C2BEFC2AA749210074DA8C /* DefaultUserFeedbackRepository.swift */ = {isa = PBXFileReference; lastKnownFileType = sourcecode.swift; path = DefaultUserFeedbackRepository.swift; sourceTree = "<group>"; };
		57C2BEFF2AA74B510074DA8C /* UserFeedbackStorage.swift */ = {isa = PBXFileReference; lastKnownFileType = sourcecode.swift; path = UserFeedbackStorage.swift; sourceTree = "<group>"; };
		57C2BF012AA74FB20074DA8C /* UserFeedbackRequestModel.swift */ = {isa = PBXFileReference; lastKnownFileType = sourcecode.swift; path = UserFeedbackRequestModel.swift; sourceTree = "<group>"; };
		57C2BF032AA752840074DA8C /* UserFeedbackUseCase.swift */ = {isa = PBXFileReference; lastKnownFileType = sourcecode.swift; path = UserFeedbackUseCase.swift; sourceTree = "<group>"; };
		57C2BF052AA7539B0074DA8C /* FirebaseUserFeedbackStorage.swift */ = {isa = PBXFileReference; lastKnownFileType = sourcecode.swift; path = FirebaseUserFeedbackStorage.swift; sourceTree = "<group>"; };
		57C2BF0E2AA8890E0074DA8C /* UIView+InputItem.swift */ = {isa = PBXFileReference; lastKnownFileType = sourcecode.swift; path = "UIView+InputItem.swift"; sourceTree = "<group>"; };
		57C2BF102AA8BD2B0074DA8C /* PhotoMessageSizeCalculator.swift */ = {isa = PBXFileReference; lastKnownFileType = sourcecode.swift; path = PhotoMessageSizeCalculator.swift; sourceTree = "<group>"; };
		57C52C952AAF344D000F7F30 /* DesignAssetName.swift */ = {isa = PBXFileReference; lastKnownFileType = sourcecode.swift; path = DesignAssetName.swift; sourceTree = "<group>"; };
		57DA986D2A9DD1DA0074409B /* OpenAIUseCase.swift */ = {isa = PBXFileReference; lastKnownFileType = sourcecode.swift; path = OpenAIUseCase.swift; sourceTree = "<group>"; };
		57DA986F2A9E376B0074409B /* GoogleCustomSearchAPI.swift */ = {isa = PBXFileReference; lastKnownFileType = sourcecode.swift; path = GoogleCustomSearchAPI.swift; sourceTree = "<group>"; };
		57DA98712A9E38E40074409B /* ImageSearchRequestModel.swift */ = {isa = PBXFileReference; lastKnownFileType = sourcecode.swift; path = ImageSearchRequestModel.swift; sourceTree = "<group>"; };
		57DA98732A9E3B580074409B /* ImageSearchDTO.swift */ = {isa = PBXFileReference; lastKnownFileType = sourcecode.swift; path = ImageSearchDTO.swift; sourceTree = "<group>"; };
		57DA98752A9E4B200074409B /* ImageSearchRepository.swift */ = {isa = PBXFileReference; lastKnownFileType = sourcecode.swift; path = ImageSearchRepository.swift; sourceTree = "<group>"; };
		57DA98772A9E4B420074409B /* DefaultImageSearchRepository.swift */ = {isa = PBXFileReference; lastKnownFileType = sourcecode.swift; path = DefaultImageSearchRepository.swift; sourceTree = "<group>"; };
		57DA98792A9F00B30074409B /* ImageSearchUseCase.swift */ = {isa = PBXFileReference; lastKnownFileType = sourcecode.swift; path = ImageSearchUseCase.swift; sourceTree = "<group>"; };
		57DA98872A9F81300074409B /* OpenAIRepository.swift */ = {isa = PBXFileReference; fileEncoding = 4; lastKnownFileType = sourcecode.swift; path = OpenAIRepository.swift; sourceTree = "<group>"; };
		57DA988A2A9F8C830074409B /* ImageManager.swift */ = {isa = PBXFileReference; lastKnownFileType = sourcecode.swift; path = ImageManager.swift; sourceTree = "<group>"; };
		57DA988E2AA0663C0074409B /* CoreDataChatStorage.swift */ = {isa = PBXFileReference; lastKnownFileType = sourcecode.swift; path = CoreDataChatStorage.swift; sourceTree = "<group>"; };
		57DA98902AA0BECC0074409B /* AttributedTextCellSizeCalculator.swift */ = {isa = PBXFileReference; lastKnownFileType = sourcecode.swift; path = AttributedTextCellSizeCalculator.swift; sourceTree = "<group>"; };
		D20FA26F2A6B8DA90081B039 /* TravelGenie.app */ = {isa = PBXFileReference; explicitFileType = wrapper.application; includeInIndex = 0; path = TravelGenie.app; sourceTree = BUILT_PRODUCTS_DIR; };
		D20FA2722A6B8DA90081B039 /* AppDelegate.swift */ = {isa = PBXFileReference; lastKnownFileType = sourcecode.swift; path = AppDelegate.swift; sourceTree = "<group>"; };
		D20FA2742A6B8DA90081B039 /* SceneDelegate.swift */ = {isa = PBXFileReference; lastKnownFileType = sourcecode.swift; path = SceneDelegate.swift; sourceTree = "<group>"; };
		D20FA27B2A6B8DAC0081B039 /* Assets.xcassets */ = {isa = PBXFileReference; lastKnownFileType = folder.assetcatalog; path = Assets.xcassets; sourceTree = "<group>"; };
		D20FA27E2A6B8DAC0081B039 /* Base */ = {isa = PBXFileReference; lastKnownFileType = file.storyboard; name = Base; path = Base.lproj/LaunchScreen.storyboard; sourceTree = "<group>"; };
		D20FA2802A6B8DAC0081B039 /* Info.plist */ = {isa = PBXFileReference; lastKnownFileType = text.plist.xml; path = Info.plist; sourceTree = "<group>"; };
		D20FA28D2A6B98AC0081B039 /* NetworkService.swift */ = {isa = PBXFileReference; lastKnownFileType = sourcecode.swift; path = NetworkService.swift; sourceTree = "<group>"; };
		D20FA2922A6BB3C40081B039 /* MultiMoyaProvider.swift */ = {isa = PBXFileReference; lastKnownFileType = sourcecode.swift; path = MultiMoyaProvider.swift; sourceTree = "<group>"; };
		D20FA2942A6BB4400081B039 /* DecodableTargetType.swift */ = {isa = PBXFileReference; lastKnownFileType = sourcecode.swift; path = DecodableTargetType.swift; sourceTree = "<group>"; };
		D20FA2972A6BB9340081B039 /* GoogleVisionLabelDetectionAPI.swift */ = {isa = PBXFileReference; lastKnownFileType = sourcecode.swift; path = GoogleVisionLabelDetectionAPI.swift; sourceTree = "<group>"; };
		D20FA2992A6BB9E20081B039 /* LabelDectionDTO.swift */ = {isa = PBXFileReference; lastKnownFileType = sourcecode.swift; path = LabelDectionDTO.swift; sourceTree = "<group>"; };
		D20FA29C2A6BC6590081B039 /* DetectedImageLabel.swift */ = {isa = PBXFileReference; lastKnownFileType = sourcecode.swift; path = DetectedImageLabel.swift; sourceTree = "<group>"; };
		D20FA2A12A6BC8650081B039 /* DefaultGoogleVisionRepository.swift */ = {isa = PBXFileReference; lastKnownFileType = sourcecode.swift; path = DefaultGoogleVisionRepository.swift; sourceTree = "<group>"; };
		D20FA2A72A6BD4830081B039 /* GoogleVisionRequestModel.swift */ = {isa = PBXFileReference; lastKnownFileType = sourcecode.swift; path = GoogleVisionRequestModel.swift; sourceTree = "<group>"; };
		D20FA2AA2A6BE34D0081B039 /* Encodable+toDictionary.swift */ = {isa = PBXFileReference; lastKnownFileType = sourcecode.swift; path = "Encodable+toDictionary.swift"; sourceTree = "<group>"; };
		D23037772A8C65E40017950E /* SystemMessageCell.swift */ = {isa = PBXFileReference; lastKnownFileType = sourcecode.swift; path = SystemMessageCell.swift; sourceTree = "<group>"; };
		D24DF9C32A9695BB0066C5B3 /* TagStorage.swift */ = {isa = PBXFileReference; lastKnownFileType = sourcecode.swift; path = TagStorage.swift; sourceTree = "<group>"; };
		D24DF9C52A9876620066C5B3 /* CustomTagContentCellViewModel.swift */ = {isa = PBXFileReference; lastKnownFileType = sourcecode.swift; path = CustomTagContentCellViewModel.swift; sourceTree = "<group>"; };
		D25E3EC52A8C7038006AD283 /* UploadButtonCell.swift */ = {isa = PBXFileReference; lastKnownFileType = sourcecode.swift; path = UploadButtonCell.swift; sourceTree = "<group>"; };
		D263D7CD2AA9DFDA00BBF8C1 /* LoadingResponseCell.swift */ = {isa = PBXFileReference; lastKnownFileType = sourcecode.swift; path = LoadingResponseCell.swift; sourceTree = "<group>"; };
		D263D7D22AA9E3FE00BBF8C1 /* LoadingResponseMessageSizeCalculator.swift */ = {isa = PBXFileReference; lastKnownFileType = sourcecode.swift; path = LoadingResponseMessageSizeCalculator.swift; sourceTree = "<group>"; };
		D26846892AA10A5600831097 /* TranslateDTO.swift */ = {isa = PBXFileReference; lastKnownFileType = sourcecode.swift; path = TranslateDTO.swift; sourceTree = "<group>"; };
		D268468B2AA10AA500831097 /* PapagoTranslateAPI.swift */ = {isa = PBXFileReference; lastKnownFileType = sourcecode.swift; path = PapagoTranslateAPI.swift; sourceTree = "<group>"; };
		D268468D2AA10E4700831097 /* PapagoTranslateRequestModel.swift */ = {isa = PBXFileReference; lastKnownFileType = sourcecode.swift; path = PapagoTranslateRequestModel.swift; sourceTree = "<group>"; };
		D268468F2AA1109E00831097 /* DefaultTranslateRepository.swift */ = {isa = PBXFileReference; lastKnownFileType = sourcecode.swift; path = DefaultTranslateRepository.swift; sourceTree = "<group>"; };
		D26846912AA1134900831097 /* TranslateUseCase.swift */ = {isa = PBXFileReference; lastKnownFileType = sourcecode.swift; path = TranslateUseCase.swift; sourceTree = "<group>"; };
		D26846932AA115AB00831097 /* TranslateRepository.swift */ = {isa = PBXFileReference; lastKnownFileType = sourcecode.swift; path = TranslateRepository.swift; sourceTree = "<group>"; };
		D26E6BA22A9E1CD90069A6DC /* GoogleVisionUseCase.swift */ = {isa = PBXFileReference; lastKnownFileType = sourcecode.swift; path = GoogleVisionUseCase.swift; sourceTree = "<group>"; };
		D26E6BA42A9E20440069A6DC /* GoogleVisionRepository.swift */ = {isa = PBXFileReference; lastKnownFileType = sourcecode.swift; path = GoogleVisionRepository.swift; sourceTree = "<group>"; };
		D272925A2AA5E2C5001878D0 /* ChatHistoryViewModel.swift */ = {isa = PBXFileReference; lastKnownFileType = sourcecode.swift; path = ChatHistoryViewModel.swift; sourceTree = "<group>"; };
		D272925C2AA5E2DF001878D0 /* ChatHistoryViewController.swift */ = {isa = PBXFileReference; lastKnownFileType = sourcecode.swift; path = ChatHistoryViewController.swift; sourceTree = "<group>"; };
		D272925E2AA5E3D8001878D0 /* ChatHistoryCoordinator.swift */ = {isa = PBXFileReference; lastKnownFileType = sourcecode.swift; path = ChatHistoryCoordinator.swift; sourceTree = "<group>"; };
		D2833A2F2A8E1578000FEE30 /* MessageStorage.swift */ = {isa = PBXFileReference; lastKnownFileType = sourcecode.swift; path = MessageStorage.swift; sourceTree = "<group>"; };
		D29DBD342A9F7EA100C856C0 /* VisionResultProcessor.swift */ = {isa = PBXFileReference; lastKnownFileType = sourcecode.swift; path = VisionResultProcessor.swift; sourceTree = "<group>"; };
		D2C2476A2A93606800C547EC /* ButtonMessageCellSizeCalculator.swift */ = {isa = PBXFileReference; lastKnownFileType = sourcecode.swift; path = ButtonMessageCellSizeCalculator.swift; sourceTree = "<group>"; };
		D2E3AA252A8B62320049DDEF /* ChatViewController.swift */ = {isa = PBXFileReference; lastKnownFileType = sourcecode.swift; path = ChatViewController.swift; sourceTree = "<group>"; };
		D2E3AA272A8B62400049DDEF /* ChatViewModel.swift */ = {isa = PBXFileReference; lastKnownFileType = sourcecode.swift; path = ChatViewModel.swift; sourceTree = "<group>"; };
		D2E3AA322A8B83520049DDEF /* ChatInterfaceViewController.swift */ = {isa = PBXFileReference; lastKnownFileType = sourcecode.swift; path = ChatInterfaceViewController.swift; sourceTree = "<group>"; };
		D2E3AA362A8B85AB0049DDEF /* Sender.swift */ = {isa = PBXFileReference; lastKnownFileType = sourcecode.swift; path = Sender.swift; sourceTree = "<group>"; };
		D2E3AA382A8B87630049DDEF /* Message.swift */ = {isa = PBXFileReference; lastKnownFileType = sourcecode.swift; path = Message.swift; sourceTree = "<group>"; };
		D2E810E72A70394F00136F99 /* GoogleVisionLandmarkDetectionAPI.swift */ = {isa = PBXFileReference; lastKnownFileType = sourcecode.swift; path = GoogleVisionLandmarkDetectionAPI.swift; sourceTree = "<group>"; };
		D2E810E92A7039E700136F99 /* LandmarkDetectionDTO.swift */ = {isa = PBXFileReference; lastKnownFileType = sourcecode.swift; path = LandmarkDetectionDTO.swift; sourceTree = "<group>"; };
		D2E810EB2A70427500136F99 /* DetectedLandmark.swift */ = {isa = PBXFileReference; lastKnownFileType = sourcecode.swift; path = DetectedLandmark.swift; sourceTree = "<group>"; };
		D2E81B892A9116F6006A5236 /* ContentItem.swift */ = {isa = PBXFileReference; lastKnownFileType = sourcecode.swift; path = ContentItem.swift; sourceTree = "<group>"; };
		D2E81B8B2A9138E9006A5236 /* LeftAlignedCollectionViewFlowLayout.swift */ = {isa = PBXFileReference; lastKnownFileType = sourcecode.swift; path = LeftAlignedCollectionViewFlowLayout.swift; sourceTree = "<group>"; };
		D2E81B8D2A913AF8006A5236 /* TagCollectionHeaderView.swift */ = {isa = PBXFileReference; lastKnownFileType = sourcecode.swift; path = TagCollectionHeaderView.swift; sourceTree = "<group>"; };
		D2F8C57B2A8F490C00AA3BFC /* CustomCellSizeCalculator.swift */ = {isa = PBXFileReference; lastKnownFileType = sourcecode.swift; path = CustomCellSizeCalculator.swift; sourceTree = "<group>"; };
		D2F8C57D2A8F4AEF00AA3BFC /* CustomTagContentCell.swift */ = {isa = PBXFileReference; lastKnownFileType = sourcecode.swift; path = CustomTagContentCell.swift; sourceTree = "<group>"; };
		D2F8C57F2A8F4BAD00AA3BFC /* TagMessageCellSizeCalculator.swift */ = {isa = PBXFileReference; lastKnownFileType = sourcecode.swift; path = TagMessageCellSizeCalculator.swift; sourceTree = "<group>"; };
		D2F8C5862A8F6E2700AA3BFC /* TagCollectionViewCell.swift */ = {isa = PBXFileReference; lastKnownFileType = sourcecode.swift; path = TagCollectionViewCell.swift; sourceTree = "<group>"; };
/* End PBXFileReference section */

/* Begin PBXFrameworksBuildPhase section */
		D20FA26C2A6B8DA90081B039 /* Frameworks */ = {
			isa = PBXFrameworksBuildPhase;
			buildActionMask = 2147483647;
			files = (
				D2E3AA2D2A8B64740049DDEF /* MessageKit in Frameworks */,
				57C1FFFC2A78CBAA00A664FD /* OpenAISwift in Frameworks */,
				57DA987F2A9F4A100074409B /* FirebaseAnalytics in Frameworks */,
				57C2BF092AA85E2D0074DA8C /* FirebaseFirestore in Frameworks */,
				D20FA2912A6B99B40081B039 /* Moya in Frameworks */,
				D263D7D12AA9E09400BBF8C1 /* Lottie in Frameworks */,
			);
			runOnlyForDeploymentPostprocessing = 0;
		};
/* End PBXFrameworksBuildPhase section */

/* Begin PBXGroup section */
		573BCCF92A8BADA400116D2D /* Application */ = {
			isa = PBXGroup;
			children = (
				D20FA2722A6B8DA90081B039 /* AppDelegate.swift */,
				D20FA2742A6B8DA90081B039 /* SceneDelegate.swift */,
				573BCD062A8BAFE300116D2D /* AppCoordinator.swift */,
			);
			path = Application;
			sourceTree = "<group>";
		};
		573BCCFA2A8BAE4100116D2D /* Common */ = {
			isa = PBXGroup;
			children = (
				573BCCFB2A8BAE4100116D2D /* CoordinationFinishDelegate.swift */,
				573BCCFC2A8BAE4100116D2D /* Coordinator.swift */,
			);
			name = Common;
			path = TravelGenie/Common;
			sourceTree = SOURCE_ROOT;
		};
		573BCCFF2A8BAF7600116D2D /* Home */ = {
			isa = PBXGroup;
			children = (
				573BCD132A8CD93800116D2D /* View */,
				573BCD122A8CD92700116D2D /* ViewModel */,
				573BCD022A8BAF7600116D2D /* HomeCoordinator.swift */,
				573BCD1C2A8E682200116D2D /* BottomMenuItem.swift */,
			);
			path = Home;
			sourceTree = "<group>";
		};
		573BCD122A8CD92700116D2D /* ViewModel */ = {
			isa = PBXGroup;
			children = (
				573BCD002A8BAF7600116D2D /* HomeViewModel.swift */,
			);
			path = ViewModel;
			sourceTree = "<group>";
		};
		573BCD132A8CD93800116D2D /* View */ = {
			isa = PBXGroup;
			children = (
				573BCD012A8BAF7600116D2D /* HomeViewController.swift */,
				573BCD0C2A8BC10E00116D2D /* HomeMenuButton.swift */,
				573BCD1A2A8E543800116D2D /* BottomMenuCell.swift */,
			);
			path = View;
			sourceTree = "<group>";
		};
		573BCD202A8F42DA00116D2D /* Secrets */ = {
			isa = PBXGroup;
			children = (
				573BCD212A8F42DA00116D2D /* SecretStorage.swift */,
			);
			path = Secrets;
			sourceTree = "<group>";
		};
		573BCD442A92140900116D2D /* RecommendationCell */ = {
			isa = PBXGroup;
			children = (
				573BCD452A92141500116D2D /* RecommendationCell.swift */,
				573BCD682A9365B300116D2D /* AvatarHeaderView.swift */,
				573BCD492A92149F00116D2D /* RecommendationItemCell.swift */,
			);
			path = RecommendationCell;
			sourceTree = "<group>";
		};
		573BCD542A925B9B00116D2D /* ChatList */ = {
			isa = PBXGroup;
			children = (
				573BCD582A925C2500116D2D /* ViewModel */,
				573BCD572A925C2200116D2D /* View */,
				573BCD5B2A925C3700116D2D /* ChatListCoordinator.swift */,
			);
			path = ChatList;
			sourceTree = "<group>";
		};
		573BCD572A925C2200116D2D /* View */ = {
			isa = PBXGroup;
			children = (
				573BCD552A925BA700116D2D /* ChatListViewController.swift */,
				576EC3A82A9742DC008C2D7C /* SearchBarView.swift */,
				573BCD5D2A92618500116D2D /* ChatListCell.swift */,
			);
			path = View;
			sourceTree = "<group>";
		};
		573BCD582A925C2500116D2D /* ViewModel */ = {
			isa = PBXGroup;
			children = (
				573BCD592A925C2F00116D2D /* ChatListViewModel.swift */,
			);
			path = ViewModel;
			sourceTree = "<group>";
		};
		57462B252A94E93B00949D5C /* PersistentStorage */ = {
			isa = PBXGroup;
			children = (
				57C2BEFE2AA74B400074DA8C /* UserFeedbackStorage */,
				57DA988D2AA0650C0074409B /* ChatStorage */,
				57462B2A2A94EB4D00949D5C /* CoreDataStorage */,
			);
			path = PersistentStorage;
			sourceTree = "<group>";
		};
		57462B2A2A94EB4D00949D5C /* CoreDataStorage */ = {
			isa = PBXGroup;
			children = (
				57462B2B2A94EB5B00949D5C /* CoreDataService.swift */,
				57462B5A2A95E12A00949D5C /* StorageError.swift */,
				57462B302A94EC8800949D5C /* CoreDataModel.xcdatamodeld */,
			);
			path = CoreDataStorage;
			sourceTree = "<group>";
		};
		57462B3F2A94F68700949D5C /* Entity */ = {
			isa = PBXGroup;
			children = (
				57462B6C2A95EAF700949D5C /* ChatEntity+CoreDataClass.swift */,
				57462B6D2A95EAF700949D5C /* ChatEntity+CoreDataProperties.swift */,
				57462B602A95E90700949D5C /* MessageEntity+CoreDataClass.swift */,
				57462B612A95E90700949D5C /* MessageEntity+CoreDataProperties.swift */,
				57462B7A2A9630D200949D5C /* TagEntity+CoreDataClass.swift */,
				57462B7B2A9630D200949D5C /* TagEntity+CoreDataProperties.swift */,
				57462B762A96302C00949D5C /* RecommendationEntity+CoreDataClass.swift */,
				57462B772A96302C00949D5C /* RecommendationEntity+CoreDataProperties.swift */,
			);
			path = Entity;
			sourceTree = "<group>";
		};
		57462B422A94F91F00949D5C /* Extensions */ = {
			isa = PBXGroup;
			children = (
				57462B432A94F92A00949D5C /* MessageKind+description.swift */,
			);
			path = Extensions;
			sourceTree = "<group>";
		};
		57462B492A95B5C600949D5C /* RepositoryInterface */ = {
			isa = PBXGroup;
			children = (
				57462B4A2A95B5ED00949D5C /* ChatRepository.swift */,
				57C2BEFA2AA748720074DA8C /* UserFeedbackRepository.swift */,
				D26E6BA42A9E20440069A6DC /* GoogleVisionRepository.swift */,
				57DA98752A9E4B200074409B /* ImageSearchRepository.swift */,
				57DA98872A9F81300074409B /* OpenAIRepository.swift */,
				D26846932AA115AB00831097 /* TranslateRepository.swift */,
			);
			path = RepositoryInterface;
			sourceTree = "<group>";
		};
		57462B722A96000A00949D5C /* UseCase */ = {
			isa = PBXGroup;
			children = (
				57462B732A96001700949D5C /* ChatUseCase.swift */,
				D26E6BA22A9E1CD90069A6DC /* GoogleVisionUseCase.swift */,
				57DA98792A9F00B30074409B /* ImageSearchUseCase.swift */,
				57DA986D2A9DD1DA0074409B /* OpenAIUseCase.swift */,
				D26846912AA1134900831097 /* TranslateUseCase.swift */,
				57C2BF032AA752840074DA8C /* UserFeedbackUseCase.swift */,
			);
			path = UseCase;
			sourceTree = "<group>";
		};
		5763DEF82A99AAB20028B19F /* PopUp */ = {
			isa = PBXGroup;
			children = (
				5763DEFA2A99AAC00028B19F /* ViewModel */,
				5763DEF92A99AABC0028B19F /* View */,
				5763DEFE2A99B9300028B19F /* PopUpModel.swift */,
			);
			path = PopUp;
			sourceTree = "<group>";
		};
		5763DEF92A99AABC0028B19F /* View */ = {
			isa = PBXGroup;
			children = (
				5763DEEA2A9885E40028B19F /* FeedbackButton.swift */,
				5763DEEE2A9896EE0028B19F /* FeedbackTextView.swift */,
				5763DEF02A98FA950028B19F /* PopUpViewController.swift */,
				5763DEFC2A99B81F0028B19F /* PopUpContentView.swift */,
			);
			path = View;
			sourceTree = "<group>";
		};
		5763DEFA2A99AAC00028B19F /* ViewModel */ = {
			isa = PBXGroup;
			children = (
				5763DEF42A991D320028B19F /* PopUpViewModel.swift */,
			);
			path = ViewModel;
			sourceTree = "<group>";
		};
		5763DEFB2A99AAE70028B19F /* ViewModel */ = {
			isa = PBXGroup;
			children = (
				573BCD472A92146F00116D2D /* RecommendationCellViewModel.swift */,
				D24DF9C52A9876620066C5B3 /* CustomTagContentCellViewModel.swift */,
				D2E3AA272A8B62400049DDEF /* ChatViewModel.swift */,
				5763DF062A9CA8020028B19F /* ChatInterfaceViewModel.swift */,
				D29DBD342A9F7EA100C856C0 /* VisionResultProcessor.swift */,
				572145A32AA9BEFD00F7BC4E /* CustomImagePickerViewModel.swift */,
			);
			path = ViewModel;
			sourceTree = "<group>";
		};
		576EC3AC2A977FFA008C2D7C /* Common */ = {
			isa = PBXGroup;
			children = (
				576EC3AD2A978077008C2D7C /* TextAttributeCreator.swift */,
				576EC3B22A97B39F008C2D7C /* CircleIconView.swift */,
				576EC3B42A97BE8F008C2D7C /* RectangleTextButton.swift */,
				5763DF082A9CAF220028B19F /* NotificationName+swift.swift */,
				57A54C8F2AA8D9350087B640 /* CustomButton.swift */,
				57C52C952AAF344D000F7F30 /* DesignAssetName.swift */,
			);
			path = Common;
			sourceTree = "<group>";
		};
		576EC3AF2A97B1BF008C2D7C /* View */ = {
			isa = PBXGroup;
			children = (
				D2E3AA312A8B83350049DDEF /* ChatInterface */,
				D23037752A8C61A80017950E /* Cell */,
				57A54C882AA8CAD60087B640 /* CustomImagePicker */,
				D2E3AA252A8B62320049DDEF /* ChatViewController.swift */,
				57C2BEF62AA47D1D0074DA8C /* CustomInputBarAccessoryView.swift */,
			);
			path = View;
			sourceTree = "<group>";
		};
		57A54C882AA8CAD60087B640 /* CustomImagePicker */ = {
			isa = PBXGroup;
			children = (
				57A54C862AA8C6BA0087B640 /* CustomImagePickerViewController.swift */,
				57A54C892AA8CB280087B640 /* CustomImagePickerCell.swift */,
				57A54C8D2AA8D8B50087B640 /* CustomImagePickerHeaderView.swift */,
			);
			path = CustomImagePicker;
			sourceTree = "<group>";
		};
		57C100162A8B91CF00A664FD /* Resources */ = {
			isa = PBXGroup;
			children = (
				57C100182A8B91E700A664FD /* Color.swift */,
				573BCD142A8D21E800116D2D /* Font.swift */,
				D20FA27B2A6B8DAC0081B039 /* Assets.xcassets */,
				D20FA27D2A6B8DAC0081B039 /* LaunchScreen.storyboard */,
				D20FA2802A6B8DAC0081B039 /* Info.plist */,
				57A54C912AA996F00087B640 /* GoogleService-Info.plist */,
			);
			path = Resources;
			sourceTree = "<group>";
		};
		57C2BEFE2AA74B400074DA8C /* UserFeedbackStorage */ = {
			isa = PBXGroup;
			children = (
				57C2BEFF2AA74B510074DA8C /* UserFeedbackStorage.swift */,
				57C2BF052AA7539B0074DA8C /* FirebaseUserFeedbackStorage.swift */,
			);
			path = UserFeedbackStorage;
			sourceTree = "<group>";
		};
		57C2BF072AA85E2D0074DA8C /* Frameworks */ = {
			isa = PBXGroup;
			children = (
			);
			name = Frameworks;
			sourceTree = "<group>";
		};
		57DA98892A9F8C770074409B /* Utility */ = {
			isa = PBXGroup;
			children = (
				57DA988A2A9F8C830074409B /* ImageManager.swift */,
				57567F802AAF13EF00B1F7CB /* ImageCompressor.swift */,
			);
			path = Utility;
			sourceTree = "<group>";
		};
		57DA988D2AA0650C0074409B /* ChatStorage */ = {
			isa = PBXGroup;
			children = (
				57462B3F2A94F68700949D5C /* Entity */,
				57462B262A94E9B600949D5C /* ChatStorage.swift */,
				57DA988E2AA0663C0074409B /* CoreDataChatStorage.swift */,
				57462B702A95F74500949D5C /* MediaItemDAO.swift */,
			);
			path = ChatStorage;
			sourceTree = "<group>";
		};
		D20FA2662A6B8DA90081B039 = {
			isa = PBXGroup;
			children = (
				D20FA2712A6B8DA90081B039 /* TravelGenie */,
				D20FA2702A6B8DA90081B039 /* Products */,
				57C2BF072AA85E2D0074DA8C /* Frameworks */,
			);
			sourceTree = "<group>";
		};
		D20FA2702A6B8DA90081B039 /* Products */ = {
			isa = PBXGroup;
			children = (
				D20FA26F2A6B8DA90081B039 /* TravelGenie.app */,
			);
			name = Products;
			sourceTree = "<group>";
		};
		D20FA2712A6B8DA90081B039 /* TravelGenie */ = {
			isa = PBXGroup;
			children = (
				57DA98892A9F8C770074409B /* Utility */,
				D20FA2862A6B97A70081B039 /* Presentation */,
				D20FA2872A6B97B90081B039 /* Domain */,
				D20FA2882A6B97C20081B039 /* Data */,
				573BCCFA2A8BAE4100116D2D /* Common */,
				D20FA2A92A6BE3370081B039 /* Extensions */,
				573BCCF92A8BADA400116D2D /* Application */,
				57C100162A8B91CF00A664FD /* Resources */,
				573BCD202A8F42DA00116D2D /* Secrets */,
			);
			path = TravelGenie;
			sourceTree = "<group>";
		};
		D20FA2862A6B97A70081B039 /* Presentation */ = {
			isa = PBXGroup;
			children = (
				D27292572AA5E280001878D0 /* ChatHistory */,
				5763DEF82A99AAB20028B19F /* PopUp */,
				576EC3AC2A977FFA008C2D7C /* Common */,
				573BCD542A925B9B00116D2D /* ChatList */,
				D2E3AA242A8B61DA0049DDEF /* Chat */,
				573BCCFF2A8BAF7600116D2D /* Home */,
			);
			path = Presentation;
			sourceTree = "<group>";
		};
		D20FA2872A6B97B90081B039 /* Domain */ = {
			isa = PBXGroup;
			children = (
				57462B722A96000A00949D5C /* UseCase */,
				57462B492A95B5C600949D5C /* RepositoryInterface */,
				D2E3AA352A8B85980049DDEF /* Model */,
				D20FA29B2A6BBA010081B039 /* Entity */,
			);
			path = Domain;
			sourceTree = "<group>";
		};
		D20FA2882A6B97C20081B039 /* Data */ = {
			isa = PBXGroup;
			children = (
				57462B422A94F91F00949D5C /* Extensions */,
				57462B252A94E93B00949D5C /* PersistentStorage */,
				D20FA2892A6B97E30081B039 /* Repository */,
				D20FA28A2A6B97E90081B039 /* Network */,
			);
			path = Data;
			sourceTree = "<group>";
		};
		D20FA2892A6B97E30081B039 /* Repository */ = {
			isa = PBXGroup;
			children = (
				D20FA2A12A6BC8650081B039 /* DefaultGoogleVisionRepository.swift */,
				57DA98772A9E4B420074409B /* DefaultImageSearchRepository.swift */,
				57684BF82A73CAFE008AB8C9 /* DefaultOpenAIRepository.swift */,
				57462B4C2A95B6AC00949D5C /* DefaultChatRepository.swift */,
				D268468F2AA1109E00831097 /* DefaultTranslateRepository.swift */,
				57C2BEFC2AA749210074DA8C /* DefaultUserFeedbackRepository.swift */,
			);
			path = Repository;
			sourceTree = "<group>";
		};
		D20FA28A2A6B97E90081B039 /* Network */ = {
			isa = PBXGroup;
			children = (
				D20FA2A62A6BD30F0081B039 /* RequestModel */,
				D20FA28B2A6B98100081B039 /* ResponseModel */,
				D20FA28C2A6B984C0081B039 /* Infrastructure */,
			);
			path = Network;
			sourceTree = "<group>";
		};
		D20FA28B2A6B98100081B039 /* ResponseModel */ = {
			isa = PBXGroup;
			children = (
				D20FA2992A6BB9E20081B039 /* LabelDectionDTO.swift */,
				D2E810E92A7039E700136F99 /* LandmarkDetectionDTO.swift */,
				57DA98732A9E3B580074409B /* ImageSearchDTO.swift */,
				D26846892AA10A5600831097 /* TranslateDTO.swift */,
			);
			path = ResponseModel;
			sourceTree = "<group>";
		};
		D20FA28C2A6B984C0081B039 /* Infrastructure */ = {
			isa = PBXGroup;
			children = (
				D20FA2962A6BB8F90081B039 /* API */,
				D20FA2942A6BB4400081B039 /* DecodableTargetType.swift */,
				D20FA2922A6BB3C40081B039 /* MultiMoyaProvider.swift */,
				D20FA28D2A6B98AC0081B039 /* NetworkService.swift */,
			);
			path = Infrastructure;
			sourceTree = "<group>";
		};
		D20FA2962A6BB8F90081B039 /* API */ = {
			isa = PBXGroup;
			children = (
				D20FA2972A6BB9340081B039 /* GoogleVisionLabelDetectionAPI.swift */,
				D2E810E72A70394F00136F99 /* GoogleVisionLandmarkDetectionAPI.swift */,
				57DA986F2A9E376B0074409B /* GoogleCustomSearchAPI.swift */,
				D268468B2AA10AA500831097 /* PapagoTranslateAPI.swift */,
			);
			path = API;
			sourceTree = "<group>";
		};
		D20FA29B2A6BBA010081B039 /* Entity */ = {
			isa = PBXGroup;
			children = (
				D20FA29C2A6BC6590081B039 /* DetectedImageLabel.swift */,
				D2E810EB2A70427500136F99 /* DetectedLandmark.swift */,
				573BCD5F2A93167200116D2D /* Chat.swift */,
				D2E3AA362A8B85AB0049DDEF /* Sender.swift */,
				D2E3AA382A8B87630049DDEF /* Message.swift */,
				D2E81B892A9116F6006A5236 /* ContentItem.swift */,
				5763DEF62A991D560028B19F /* UserFeedback.swift */,
			);
			path = Entity;
			sourceTree = "<group>";
		};
		D20FA2A62A6BD30F0081B039 /* RequestModel */ = {
			isa = PBXGroup;
			children = (
				D20FA2A72A6BD4830081B039 /* GoogleVisionRequestModel.swift */,
				57DA98712A9E38E40074409B /* ImageSearchRequestModel.swift */,
				D268468D2AA10E4700831097 /* PapagoTranslateRequestModel.swift */,
				57C2BF012AA74FB20074DA8C /* UserFeedbackRequestModel.swift */,
			);
			path = RequestModel;
			sourceTree = "<group>";
		};
		D20FA2A92A6BE3370081B039 /* Extensions */ = {
			isa = PBXGroup;
			children = (
				D20FA2AA2A6BE34D0081B039 /* Encodable+toDictionary.swift */,
				573BCD0A2A8BBBC000116D2D /* NSMutableAttributedString+text.swift */,
				573BCD632A934D4500116D2D /* DateFormatter+shared.swift */,
				573BCD6A2A936F0D00116D2D /* UIImage+resize.swift */,
				5763DEF22A9908270028B19F /* UIViewController+showPopUp.swift */,
				57C2BF0E2AA8890E0074DA8C /* UIView+InputItem.swift */,
			);
			path = Extensions;
			sourceTree = "<group>";
		};
		D23037752A8C61A80017950E /* Cell */ = {
			isa = PBXGroup;
			children = (
				D263D7CC2AA9DFB400BBF8C1 /* LoadingResponseCell */,
				D2F8C5762A8F47A800AA3BFC /* CustomTagCell */,
				D23037762A8C65B20017950E /* DefaultSystemSectionCell */,
				573BCD442A92140900116D2D /* RecommendationCell */,
				D2F8C5782A8F47CC00AA3BFC /* SizeCalculator */,
			);
			path = Cell;
			sourceTree = "<group>";
		};
		D23037762A8C65B20017950E /* DefaultSystemSectionCell */ = {
			isa = PBXGroup;
			children = (
				D23037772A8C65E40017950E /* SystemMessageCell.swift */,
				D25E3EC52A8C7038006AD283 /* UploadButtonCell.swift */,
			);
			path = DefaultSystemSectionCell;
			sourceTree = "<group>";
		};
		D263D7CC2AA9DFB400BBF8C1 /* LoadingResponseCell */ = {
			isa = PBXGroup;
			children = (
				D263D7CD2AA9DFDA00BBF8C1 /* LoadingResponseCell.swift */,
			);
			path = LoadingResponseCell;
			sourceTree = "<group>";
		};
		D27292572AA5E280001878D0 /* ChatHistory */ = {
			isa = PBXGroup;
			children = (
				D27292582AA5E2A6001878D0 /* ViewModel */,
				D27292592AA5E2AE001878D0 /* View */,
				D272925E2AA5E3D8001878D0 /* ChatHistoryCoordinator.swift */,
			);
			path = ChatHistory;
			sourceTree = "<group>";
		};
		D27292582AA5E2A6001878D0 /* ViewModel */ = {
			isa = PBXGroup;
			children = (
				D272925A2AA5E2C5001878D0 /* ChatHistoryViewModel.swift */,
			);
			path = ViewModel;
			sourceTree = "<group>";
		};
		D27292592AA5E2AE001878D0 /* View */ = {
			isa = PBXGroup;
			children = (
				D272925C2AA5E2DF001878D0 /* ChatHistoryViewController.swift */,
			);
			path = View;
			sourceTree = "<group>";
		};
		D2E3AA242A8B61DA0049DDEF /* Chat */ = {
			isa = PBXGroup;
			children = (
				5763DEFB2A99AAE70028B19F /* ViewModel */,
				576EC3AF2A97B1BF008C2D7C /* View */,
				573BCD252A8F46B900116D2D /* ChatCoordinator.swift */,
			);
			path = Chat;
			sourceTree = "<group>";
		};
		D2E3AA312A8B83350049DDEF /* ChatInterface */ = {
			isa = PBXGroup;
			children = (
				D2E3AA322A8B83520049DDEF /* ChatInterfaceViewController.swift */,
			);
			path = ChatInterface;
			sourceTree = "<group>";
		};
		D2E3AA352A8B85980049DDEF /* Model */ = {
			isa = PBXGroup;
			children = (
				D2833A2F2A8E1578000FEE30 /* MessageStorage.swift */,
			);
			path = Model;
			sourceTree = "<group>";
		};
		D2F8C5762A8F47A800AA3BFC /* CustomTagCell */ = {
			isa = PBXGroup;
			children = (
				D24DF9C32A9695BB0066C5B3 /* TagStorage.swift */,
				D2F8C57D2A8F4AEF00AA3BFC /* CustomTagContentCell.swift */,
				D2F8C5812A8F538500AA3BFC /* TagView */,
			);
			path = CustomTagCell;
			sourceTree = "<group>";
		};
		D2F8C5782A8F47CC00AA3BFC /* SizeCalculator */ = {
			isa = PBXGroup;
			children = (
				D2F8C57B2A8F490C00AA3BFC /* CustomCellSizeCalculator.swift */,
				57DA98902AA0BECC0074409B /* AttributedTextCellSizeCalculator.swift */,
				573BCD402A91FE7700116D2D /* RecommendationCellSizeCalculator.swift */,
				D2F8C57F2A8F4BAD00AA3BFC /* TagMessageCellSizeCalculator.swift */,
				573BCD422A920D2E00116D2D /* SystemMessageCellSizeCalculator.swift */,
				D2C2476A2A93606800C547EC /* ButtonMessageCellSizeCalculator.swift */,
				57C2BF102AA8BD2B0074DA8C /* PhotoMessageSizeCalculator.swift */,
				D263D7D22AA9E3FE00BBF8C1 /* LoadingResponseMessageSizeCalculator.swift */,
			);
			path = SizeCalculator;
			sourceTree = "<group>";
		};
		D2F8C5812A8F538500AA3BFC /* TagView */ = {
			isa = PBXGroup;
			children = (
				D2F8C5862A8F6E2700AA3BFC /* TagCollectionViewCell.swift */,
				D2E81B8D2A913AF8006A5236 /* TagCollectionHeaderView.swift */,
				D2E81B8B2A9138E9006A5236 /* LeftAlignedCollectionViewFlowLayout.swift */,
			);
			path = TagView;
			sourceTree = "<group>";
		};
/* End PBXGroup section */

/* Begin PBXNativeTarget section */
		D20FA26E2A6B8DA90081B039 /* TravelGenie */ = {
			isa = PBXNativeTarget;
			buildConfigurationList = D20FA2832A6B8DAC0081B039 /* Build configuration list for PBXNativeTarget "TravelGenie" */;
			buildPhases = (
				D20FA26B2A6B8DA90081B039 /* Sources */,
				D20FA26C2A6B8DA90081B039 /* Frameworks */,
				D20FA26D2A6B8DA90081B039 /* Resources */,
			);
			buildRules = (
			);
			dependencies = (
			);
			name = TravelGenie;
			packageProductDependencies = (
				D20FA2902A6B99B40081B039 /* Moya */,
				57C1FFFB2A78CBAA00A664FD /* OpenAISwift */,
				D2E3AA2C2A8B64740049DDEF /* MessageKit */,
				57DA987E2A9F4A100074409B /* FirebaseAnalytics */,
				57C2BF082AA85E2D0074DA8C /* FirebaseFirestore */,
				D263D7D02AA9E09400BBF8C1 /* Lottie */,
			);
			productName = TravelGenie;
			productReference = D20FA26F2A6B8DA90081B039 /* TravelGenie.app */;
			productType = "com.apple.product-type.application";
		};
/* End PBXNativeTarget section */

/* Begin PBXProject section */
		D20FA2672A6B8DA90081B039 /* Project object */ = {
			isa = PBXProject;
			attributes = {
				BuildIndependentTargetsInParallel = 1;
				LastSwiftUpdateCheck = 1430;
				LastUpgradeCheck = 1430;
				TargetAttributes = {
					D20FA26E2A6B8DA90081B039 = {
						CreatedOnToolsVersion = 14.3.1;
					};
				};
			};
			buildConfigurationList = D20FA26A2A6B8DA90081B039 /* Build configuration list for PBXProject "TravelGenie" */;
			compatibilityVersion = "Xcode 14.0";
			developmentRegion = en;
			hasScannedForEncodings = 0;
			knownRegions = (
				en,
				Base,
			);
			mainGroup = D20FA2662A6B8DA90081B039;
			packageReferences = (
				D20FA28F2A6B99B40081B039 /* XCRemoteSwiftPackageReference "Moya" */,
				57C1FFFA2A78CBAA00A664FD /* XCRemoteSwiftPackageReference "OpenAISwift" */,
				D2E3AA2B2A8B64740049DDEF /* XCRemoteSwiftPackageReference "MessageKit" */,
				57DA987D2A9F4A100074409B /* XCRemoteSwiftPackageReference "firebase-ios-sdk" */,
				D263D7CF2AA9E09400BBF8C1 /* XCRemoteSwiftPackageReference "lottie-ios" */,
			);
			productRefGroup = D20FA2702A6B8DA90081B039 /* Products */;
			projectDirPath = "";
			projectRoot = "";
			targets = (
				D20FA26E2A6B8DA90081B039 /* TravelGenie */,
			);
		};
/* End PBXProject section */

/* Begin PBXResourcesBuildPhase section */
		D20FA26D2A6B8DA90081B039 /* Resources */ = {
			isa = PBXResourcesBuildPhase;
			buildActionMask = 2147483647;
			files = (
				57A54C922AA997560087B640 /* GoogleService-Info.plist in Resources */,
				D20FA27F2A6B8DAC0081B039 /* LaunchScreen.storyboard in Resources */,
				D20FA27C2A6B8DAC0081B039 /* Assets.xcassets in Resources */,
			);
			runOnlyForDeploymentPostprocessing = 0;
		};
/* End PBXResourcesBuildPhase section */

/* Begin PBXSourcesBuildPhase section */
		D20FA26B2A6B8DA90081B039 /* Sources */ = {
			isa = PBXSourcesBuildPhase;
			buildActionMask = 2147483647;
			files = (
				57DA98742A9E3B580074409B /* ImageSearchDTO.swift in Sources */,
				57C2BEF72AA47D1D0074DA8C /* CustomInputBarAccessoryView.swift in Sources */,
				D20FA2A82A6BD4830081B039 /* GoogleVisionRequestModel.swift in Sources */,
				573BCD262A8F46B900116D2D /* ChatCoordinator.swift in Sources */,
				57A54C902AA8D9350087B640 /* CustomButton.swift in Sources */,
				D2E3AA372A8B85AB0049DDEF /* Sender.swift in Sources */,
				D2E810E82A70394F00136F99 /* GoogleVisionLandmarkDetectionAPI.swift in Sources */,
				57DA98882A9F81300074409B /* OpenAIRepository.swift in Sources */,
				D20FA2982A6BB9340081B039 /* GoogleVisionLabelDetectionAPI.swift in Sources */,
				57462B322A94EC8800949D5C /* CoreDataModel.xcdatamodeld in Sources */,
				573BCD0D2A8BC10E00116D2D /* HomeMenuButton.swift in Sources */,
				57462B2C2A94EB5B00949D5C /* CoreDataService.swift in Sources */,
				573BCD692A9365B300116D2D /* AvatarHeaderView.swift in Sources */,
				5763DEF12A98FA950028B19F /* PopUpViewController.swift in Sources */,
				57DA986E2A9DD1DA0074409B /* OpenAIUseCase.swift in Sources */,
				D20FA29D2A6BC6590081B039 /* DetectedImageLabel.swift in Sources */,
				573BCD462A92141500116D2D /* RecommendationCell.swift in Sources */,
				D2E81B8C2A9138E9006A5236 /* LeftAlignedCollectionViewFlowLayout.swift in Sources */,
				57DA98702A9E376B0074409B /* GoogleCustomSearchAPI.swift in Sources */,
				573BCD222A8F42DA00116D2D /* SecretStorage.swift in Sources */,
				D20FA2732A6B8DA90081B039 /* AppDelegate.swift in Sources */,
				D26846922AA1134900831097 /* TranslateUseCase.swift in Sources */,
				57C2BEFD2AA749210074DA8C /* DefaultUserFeedbackRepository.swift in Sources */,
				576EC3B52A97BE8F008C2D7C /* RectangleTextButton.swift in Sources */,
				D2E81B8A2A9116F6006A5236 /* ContentItem.swift in Sources */,
				5763DF072A9CA8020028B19F /* ChatInterfaceViewModel.swift in Sources */,
				573BCD042A8BAF7600116D2D /* HomeViewController.swift in Sources */,
				D268468A2AA10A5600831097 /* TranslateDTO.swift in Sources */,
				D2833A302A8E1578000FEE30 /* MessageStorage.swift in Sources */,
				D2E3AA332A8B83520049DDEF /* ChatInterfaceViewController.swift in Sources */,
				57462B712A95F74500949D5C /* MediaItemDAO.swift in Sources */,
				5763DEFF2A99B9300028B19F /* PopUpModel.swift in Sources */,
				573BCD5E2A92618500116D2D /* ChatListCell.swift in Sources */,
				D26E6BA32A9E1CD90069A6DC /* GoogleVisionUseCase.swift in Sources */,
				57462B4D2A95B6AC00949D5C /* DefaultChatRepository.swift in Sources */,
				57DA98722A9E38E40074409B /* ImageSearchRequestModel.swift in Sources */,
				5763DEF52A991D320028B19F /* PopUpViewModel.swift in Sources */,
				57C2BF062AA7539B0074DA8C /* FirebaseUserFeedbackStorage.swift in Sources */,
				D26846902AA1109E00831097 /* DefaultTranslateRepository.swift in Sources */,
				573BCD432A920D2E00116D2D /* SystemMessageCellSizeCalculator.swift in Sources */,
				57A54C872AA8C6BA0087B640 /* CustomImagePickerViewController.swift in Sources */,
				D20FA2952A6BB4400081B039 /* DecodableTargetType.swift in Sources */,
				57DA98912AA0BECC0074409B /* AttributedTextCellSizeCalculator.swift in Sources */,
				57C2BF002AA74B510074DA8C /* UserFeedbackStorage.swift in Sources */,
				5763DEEB2A9885E40028B19F /* FeedbackButton.swift in Sources */,
				573BCD232A8F43B200116D2D /* HomeCoordinator.swift in Sources */,
				57462B692A95E90700949D5C /* MessageEntity+CoreDataProperties.swift in Sources */,
				D20FA2932A6BB3C40081B039 /* MultiMoyaProvider.swift in Sources */,
				573BCD602A93167200116D2D /* Chat.swift in Sources */,
				57C2BEFB2AA748720074DA8C /* UserFeedbackRepository.swift in Sources */,
				D24DF9C42A9695BB0066C5B3 /* TagStorage.swift in Sources */,
				D20FA29A2A6BB9E20081B039 /* LabelDectionDTO.swift in Sources */,
				57DA987A2A9F00B30074409B /* ImageSearchUseCase.swift in Sources */,
				5763DEFD2A99B81F0028B19F /* PopUpContentView.swift in Sources */,
				57462B742A96001700949D5C /* ChatUseCase.swift in Sources */,
				573BCD562A925BA700116D2D /* ChatListViewController.swift in Sources */,
				D26E6BA52A9E20440069A6DC /* GoogleVisionRepository.swift in Sources */,
				573BCD5C2A925C3700116D2D /* ChatListCoordinator.swift in Sources */,
				57C52C962AAF344D000F7F30 /* DesignAssetName.swift in Sources */,
				572145A42AA9BEFD00F7BC4E /* CustomImagePickerViewModel.swift in Sources */,
				D29DBD352A9F7EA100C856C0 /* VisionResultProcessor.swift in Sources */,
				57C2BF112AA8BD2B0074DA8C /* PhotoMessageSizeCalculator.swift in Sources */,
				D24DF9C62A9876620066C5B3 /* CustomTagContentCellViewModel.swift in Sources */,
				D23037782A8C65E40017950E /* SystemMessageCell.swift in Sources */,
				57DA98782A9E4B420074409B /* DefaultImageSearchRepository.swift in Sources */,
				573BCD4A2A92149F00116D2D /* RecommendationItemCell.swift in Sources */,
				D20FA2A22A6BC8650081B039 /* DefaultGoogleVisionRepository.swift in Sources */,
				573BCD1B2A8E543800116D2D /* BottomMenuCell.swift in Sources */,
				573BCD482A92146F00116D2D /* RecommendationCellViewModel.swift in Sources */,
				573BCD0B2A8BBBC000116D2D /* NSMutableAttributedString+text.swift in Sources */,
				573BCD242A8F43BD00116D2D /* HomeViewModel.swift in Sources */,
				57684BF92A73CAFE008AB8C9 /* DefaultOpenAIRepository.swift in Sources */,
				57C2BF022AA74FB20074DA8C /* UserFeedbackRequestModel.swift in Sources */,
				573BCD072A8BAFE300116D2D /* AppCoordinator.swift in Sources */,
				573BCD412A91FE7700116D2D /* RecommendationCellSizeCalculator.swift in Sources */,
				573BCCFD2A8BAE4100116D2D /* CoordinationFinishDelegate.swift in Sources */,
				573BCD152A8D21E800116D2D /* Font.swift in Sources */,
				573BCD642A934D4500116D2D /* DateFormatter+shared.swift in Sources */,
				D272925B2AA5E2C5001878D0 /* ChatHistoryViewModel.swift in Sources */,
				5763DEF32A9908270028B19F /* UIViewController+showPopUp.swift in Sources */,
				573BCCFE2A8BAE4100116D2D /* Coordinator.swift in Sources */,
				57C2BF042AA752840074DA8C /* UserFeedbackUseCase.swift in Sources */,
				D2E3AA282A8B62400049DDEF /* ChatViewModel.swift in Sources */,
				57462B6F2A95EAF700949D5C /* ChatEntity+CoreDataProperties.swift in Sources */,
				57462B442A94F92A00949D5C /* MessageKind+description.swift in Sources */,
				57DA988B2A9F8C830074409B /* ImageManager.swift in Sources */,
				57462B272A94E9B600949D5C /* ChatStorage.swift in Sources */,
				D20FA2AB2A6BE34D0081B039 /* Encodable+toDictionary.swift in Sources */,
				573BCD1D2A8E682200116D2D /* BottomMenuItem.swift in Sources */,
				57462B782A96302C00949D5C /* RecommendationEntity+CoreDataClass.swift in Sources */,
				D20FA28E2A6B98AC0081B039 /* NetworkService.swift in Sources */,
				D2F8C57C2A8F490C00AA3BFC /* CustomCellSizeCalculator.swift in Sources */,
				D2C2476B2A93606800C547EC /* ButtonMessageCellSizeCalculator.swift in Sources */,
				D26846942AA115AB00831097 /* TranslateRepository.swift in Sources */,
				57462B7C2A9630D200949D5C /* TagEntity+CoreDataClass.swift in Sources */,
				D268468E2AA10E4700831097 /* PapagoTranslateRequestModel.swift in Sources */,
				D2E3AA392A8B87630049DDEF /* Message.swift in Sources */,
				5763DEF72A991D560028B19F /* UserFeedback.swift in Sources */,
				D2E810EC2A70427500136F99 /* DetectedLandmark.swift in Sources */,
				57462B682A95E90700949D5C /* MessageEntity+CoreDataClass.swift in Sources */,
				576EC3AE2A978077008C2D7C /* TextAttributeCreator.swift in Sources */,
				D2E810EA2A7039E700136F99 /* LandmarkDetectionDTO.swift in Sources */,
				D263D7D32AA9E3FE00BBF8C1 /* LoadingResponseMessageSizeCalculator.swift in Sources */,
				57462B5B2A95E12A00949D5C /* StorageError.swift in Sources */,
				D268468C2AA10AA500831097 /* PapagoTranslateAPI.swift in Sources */,
				D2F8C5802A8F4BAD00AA3BFC /* TagMessageCellSizeCalculator.swift in Sources */,
				576EC3B32A97B39F008C2D7C /* CircleIconView.swift in Sources */,
				D2E3AA262A8B62320049DDEF /* ChatViewController.swift in Sources */,
				57C2BF0F2AA8890F0074DA8C /* UIView+InputItem.swift in Sources */,
				D272925D2AA5E2DF001878D0 /* ChatHistoryViewController.swift in Sources */,
				57462B4B2A95B5ED00949D5C /* ChatRepository.swift in Sources */,
				D2F8C5872A8F6E2700AA3BFC /* TagCollectionViewCell.swift in Sources */,
				5763DF092A9CAF220028B19F /* NotificationName+swift.swift in Sources */,
				57462B792A96302C00949D5C /* RecommendationEntity+CoreDataProperties.swift in Sources */,
				57A54C8E2AA8D8B50087B640 /* CustomImagePickerHeaderView.swift in Sources */,
				573BCD5A2A925C2F00116D2D /* ChatListViewModel.swift in Sources */,
				57A54C8A2AA8CB280087B640 /* CustomImagePickerCell.swift in Sources */,
				57567F812AAF13EF00B1F7CB /* ImageCompressor.swift in Sources */,
				D20FA2752A6B8DA90081B039 /* SceneDelegate.swift in Sources */,
				D2E81B8E2A913AF8006A5236 /* TagCollectionHeaderView.swift in Sources */,
				D272925F2AA5E3D8001878D0 /* ChatHistoryCoordinator.swift in Sources */,
				57DA988F2AA0663C0074409B /* CoreDataChatStorage.swift in Sources */,
				57DA98762A9E4B200074409B /* ImageSearchRepository.swift in Sources */,
				D25E3EC62A8C7038006AD283 /* UploadButtonCell.swift in Sources */,
				57C100192A8B91E700A664FD /* Color.swift in Sources */,
				D263D7CE2AA9DFDA00BBF8C1 /* LoadingResponseCell.swift in Sources */,
				5763DEEF2A9896EE0028B19F /* FeedbackTextView.swift in Sources */,
				D2F8C57E2A8F4AEF00AA3BFC /* CustomTagContentCell.swift in Sources */,
				576EC3A92A9742DC008C2D7C /* SearchBarView.swift in Sources */,
				57462B7D2A9630D200949D5C /* TagEntity+CoreDataProperties.swift in Sources */,
				57462B6E2A95EAF700949D5C /* ChatEntity+CoreDataClass.swift in Sources */,
				573BCD6B2A936F0D00116D2D /* UIImage+resize.swift in Sources */,
			);
			runOnlyForDeploymentPostprocessing = 0;
		};
/* End PBXSourcesBuildPhase section */

/* Begin PBXVariantGroup section */
		D20FA27D2A6B8DAC0081B039 /* LaunchScreen.storyboard */ = {
			isa = PBXVariantGroup;
			children = (
				D20FA27E2A6B8DAC0081B039 /* Base */,
			);
			name = LaunchScreen.storyboard;
			sourceTree = "<group>";
		};
/* End PBXVariantGroup section */

/* Begin XCBuildConfiguration section */
		D20FA2812A6B8DAC0081B039 /* Debug */ = {
			isa = XCBuildConfiguration;
			buildSettings = {
				ALWAYS_SEARCH_USER_PATHS = NO;
				CLANG_ANALYZER_NONNULL = YES;
				CLANG_ANALYZER_NUMBER_OBJECT_CONVERSION = YES_AGGRESSIVE;
				CLANG_CXX_LANGUAGE_STANDARD = "gnu++20";
				CLANG_ENABLE_MODULES = YES;
				CLANG_ENABLE_OBJC_ARC = YES;
				CLANG_ENABLE_OBJC_WEAK = YES;
				CLANG_WARN_BLOCK_CAPTURE_AUTORELEASING = YES;
				CLANG_WARN_BOOL_CONVERSION = YES;
				CLANG_WARN_COMMA = YES;
				CLANG_WARN_CONSTANT_CONVERSION = YES;
				CLANG_WARN_DEPRECATED_OBJC_IMPLEMENTATIONS = YES;
				CLANG_WARN_DIRECT_OBJC_ISA_USAGE = YES_ERROR;
				CLANG_WARN_DOCUMENTATION_COMMENTS = YES;
				CLANG_WARN_EMPTY_BODY = YES;
				CLANG_WARN_ENUM_CONVERSION = YES;
				CLANG_WARN_INFINITE_RECURSION = YES;
				CLANG_WARN_INT_CONVERSION = YES;
				CLANG_WARN_NON_LITERAL_NULL_CONVERSION = YES;
				CLANG_WARN_OBJC_IMPLICIT_RETAIN_SELF = YES;
				CLANG_WARN_OBJC_LITERAL_CONVERSION = YES;
				CLANG_WARN_OBJC_ROOT_CLASS = YES_ERROR;
				CLANG_WARN_QUOTED_INCLUDE_IN_FRAMEWORK_HEADER = YES;
				CLANG_WARN_RANGE_LOOP_ANALYSIS = YES;
				CLANG_WARN_STRICT_PROTOTYPES = YES;
				CLANG_WARN_SUSPICIOUS_MOVE = YES;
				CLANG_WARN_UNGUARDED_AVAILABILITY = YES_AGGRESSIVE;
				CLANG_WARN_UNREACHABLE_CODE = YES;
				CLANG_WARN__DUPLICATE_METHOD_MATCH = YES;
				COPY_PHASE_STRIP = NO;
				DEBUG_INFORMATION_FORMAT = dwarf;
				ENABLE_STRICT_OBJC_MSGSEND = YES;
				ENABLE_TESTABILITY = YES;
				GCC_C_LANGUAGE_STANDARD = gnu11;
				GCC_DYNAMIC_NO_PIC = NO;
				GCC_NO_COMMON_BLOCKS = YES;
				GCC_OPTIMIZATION_LEVEL = 0;
				GCC_PREPROCESSOR_DEFINITIONS = (
					"DEBUG=1",
					"$(inherited)",
				);
				GCC_WARN_64_TO_32_BIT_CONVERSION = YES;
				GCC_WARN_ABOUT_RETURN_TYPE = YES_ERROR;
				GCC_WARN_UNDECLARED_SELECTOR = YES;
				GCC_WARN_UNINITIALIZED_AUTOS = YES_AGGRESSIVE;
				GCC_WARN_UNUSED_FUNCTION = YES;
				GCC_WARN_UNUSED_VARIABLE = YES;
				IPHONEOS_DEPLOYMENT_TARGET = 15.0;
				MTL_ENABLE_DEBUG_INFO = INCLUDE_SOURCE;
				MTL_FAST_MATH = YES;
				ONLY_ACTIVE_ARCH = YES;
				SDKROOT = iphoneos;
				SWIFT_ACTIVE_COMPILATION_CONDITIONS = DEBUG;
				SWIFT_OPTIMIZATION_LEVEL = "-Onone";
			};
			name = Debug;
		};
		D20FA2822A6B8DAC0081B039 /* Release */ = {
			isa = XCBuildConfiguration;
			buildSettings = {
				ALWAYS_SEARCH_USER_PATHS = NO;
				CLANG_ANALYZER_NONNULL = YES;
				CLANG_ANALYZER_NUMBER_OBJECT_CONVERSION = YES_AGGRESSIVE;
				CLANG_CXX_LANGUAGE_STANDARD = "gnu++20";
				CLANG_ENABLE_MODULES = YES;
				CLANG_ENABLE_OBJC_ARC = YES;
				CLANG_ENABLE_OBJC_WEAK = YES;
				CLANG_WARN_BLOCK_CAPTURE_AUTORELEASING = YES;
				CLANG_WARN_BOOL_CONVERSION = YES;
				CLANG_WARN_COMMA = YES;
				CLANG_WARN_CONSTANT_CONVERSION = YES;
				CLANG_WARN_DEPRECATED_OBJC_IMPLEMENTATIONS = YES;
				CLANG_WARN_DIRECT_OBJC_ISA_USAGE = YES_ERROR;
				CLANG_WARN_DOCUMENTATION_COMMENTS = YES;
				CLANG_WARN_EMPTY_BODY = YES;
				CLANG_WARN_ENUM_CONVERSION = YES;
				CLANG_WARN_INFINITE_RECURSION = YES;
				CLANG_WARN_INT_CONVERSION = YES;
				CLANG_WARN_NON_LITERAL_NULL_CONVERSION = YES;
				CLANG_WARN_OBJC_IMPLICIT_RETAIN_SELF = YES;
				CLANG_WARN_OBJC_LITERAL_CONVERSION = YES;
				CLANG_WARN_OBJC_ROOT_CLASS = YES_ERROR;
				CLANG_WARN_QUOTED_INCLUDE_IN_FRAMEWORK_HEADER = YES;
				CLANG_WARN_RANGE_LOOP_ANALYSIS = YES;
				CLANG_WARN_STRICT_PROTOTYPES = YES;
				CLANG_WARN_SUSPICIOUS_MOVE = YES;
				CLANG_WARN_UNGUARDED_AVAILABILITY = YES_AGGRESSIVE;
				CLANG_WARN_UNREACHABLE_CODE = YES;
				CLANG_WARN__DUPLICATE_METHOD_MATCH = YES;
				COPY_PHASE_STRIP = NO;
				DEBUG_INFORMATION_FORMAT = "dwarf-with-dsym";
				ENABLE_NS_ASSERTIONS = NO;
				ENABLE_STRICT_OBJC_MSGSEND = YES;
				GCC_C_LANGUAGE_STANDARD = gnu11;
				GCC_NO_COMMON_BLOCKS = YES;
				GCC_WARN_64_TO_32_BIT_CONVERSION = YES;
				GCC_WARN_ABOUT_RETURN_TYPE = YES_ERROR;
				GCC_WARN_UNDECLARED_SELECTOR = YES;
				GCC_WARN_UNINITIALIZED_AUTOS = YES_AGGRESSIVE;
				GCC_WARN_UNUSED_FUNCTION = YES;
				GCC_WARN_UNUSED_VARIABLE = YES;
				IPHONEOS_DEPLOYMENT_TARGET = 15.0;
				MTL_ENABLE_DEBUG_INFO = NO;
				MTL_FAST_MATH = YES;
				SDKROOT = iphoneos;
				SWIFT_COMPILATION_MODE = wholemodule;
				SWIFT_OPTIMIZATION_LEVEL = "-O";
				VALIDATE_PRODUCT = YES;
			};
			name = Release;
		};
		D20FA2842A6B8DAC0081B039 /* Debug */ = {
			isa = XCBuildConfiguration;
			buildSettings = {
				ASSETCATALOG_COMPILER_APPICON_NAME = AppIcon;
				ASSETCATALOG_COMPILER_GLOBAL_ACCENT_COLOR_NAME = AccentColor;
				CODE_SIGN_STYLE = Automatic;
				CURRENT_PROJECT_VERSION = 1;
				DEVELOPMENT_TEAM = N2WW86KJNF;
				GENERATE_INFOPLIST_FILE = YES;
				INFOPLIST_FILE = TravelGenie/Resources/Info.plist;
				INFOPLIST_KEY_UIApplicationSupportsIndirectInputEvents = YES;
				INFOPLIST_KEY_UILaunchStoryboardName = LaunchScreen;
				INFOPLIST_KEY_UIMainStoryboardFile = "";
				INFOPLIST_KEY_UISupportedInterfaceOrientations_iPad = "UIInterfaceOrientationPortrait UIInterfaceOrientationPortraitUpsideDown UIInterfaceOrientationLandscapeLeft UIInterfaceOrientationLandscapeRight";
				INFOPLIST_KEY_UISupportedInterfaceOrientations_iPhone = "UIInterfaceOrientationPortrait UIInterfaceOrientationLandscapeLeft UIInterfaceOrientationLandscapeRight";
				LD_RUNPATH_SEARCH_PATHS = (
					"$(inherited)",
					"@executable_path/Frameworks",
				);
				MARKETING_VERSION = 1.0;
				PRODUCT_BUNDLE_IDENTIFIER = teamTravelGenie.TravelGenie;
				PRODUCT_NAME = "$(TARGET_NAME)";
				SWIFT_EMIT_LOC_STRINGS = YES;
				SWIFT_VERSION = 5.0;
				TARGETED_DEVICE_FAMILY = "1,2";
			};
			name = Debug;
		};
		D20FA2852A6B8DAC0081B039 /* Release */ = {
			isa = XCBuildConfiguration;
			buildSettings = {
				ASSETCATALOG_COMPILER_APPICON_NAME = AppIcon;
				ASSETCATALOG_COMPILER_GLOBAL_ACCENT_COLOR_NAME = AccentColor;
				CODE_SIGN_STYLE = Automatic;
				CURRENT_PROJECT_VERSION = 1;
				DEVELOPMENT_TEAM = N2WW86KJNF;
				GENERATE_INFOPLIST_FILE = YES;
				INFOPLIST_FILE = TravelGenie/Resources/Info.plist;
				INFOPLIST_KEY_UIApplicationSupportsIndirectInputEvents = YES;
				INFOPLIST_KEY_UILaunchStoryboardName = LaunchScreen;
				INFOPLIST_KEY_UIMainStoryboardFile = "";
				INFOPLIST_KEY_UISupportedInterfaceOrientations_iPad = "UIInterfaceOrientationPortrait UIInterfaceOrientationPortraitUpsideDown UIInterfaceOrientationLandscapeLeft UIInterfaceOrientationLandscapeRight";
				INFOPLIST_KEY_UISupportedInterfaceOrientations_iPhone = "UIInterfaceOrientationPortrait UIInterfaceOrientationLandscapeLeft UIInterfaceOrientationLandscapeRight";
				LD_RUNPATH_SEARCH_PATHS = (
					"$(inherited)",
					"@executable_path/Frameworks",
				);
				MARKETING_VERSION = 1.0;
				PRODUCT_BUNDLE_IDENTIFIER = teamTravelGenie.TravelGenie;
				PRODUCT_NAME = "$(TARGET_NAME)";
				SWIFT_EMIT_LOC_STRINGS = YES;
				SWIFT_VERSION = 5.0;
				TARGETED_DEVICE_FAMILY = "1,2";
			};
			name = Release;
		};
/* End XCBuildConfiguration section */

/* Begin XCConfigurationList section */
		D20FA26A2A6B8DA90081B039 /* Build configuration list for PBXProject "TravelGenie" */ = {
			isa = XCConfigurationList;
			buildConfigurations = (
				D20FA2812A6B8DAC0081B039 /* Debug */,
				D20FA2822A6B8DAC0081B039 /* Release */,
			);
			defaultConfigurationIsVisible = 0;
			defaultConfigurationName = Release;
		};
		D20FA2832A6B8DAC0081B039 /* Build configuration list for PBXNativeTarget "TravelGenie" */ = {
			isa = XCConfigurationList;
			buildConfigurations = (
				D20FA2842A6B8DAC0081B039 /* Debug */,
				D20FA2852A6B8DAC0081B039 /* Release */,
			);
			defaultConfigurationIsVisible = 0;
			defaultConfigurationName = Release;
		};
/* End XCConfigurationList section */

/* Begin XCRemoteSwiftPackageReference section */
		57C1FFFA2A78CBAA00A664FD /* XCRemoteSwiftPackageReference "OpenAISwift" */ = {
			isa = XCRemoteSwiftPackageReference;
			repositoryURL = "https://github.com/marcoboerner/OpenAISwift";
			requirement = {
				branch = main;
				kind = branch;
			};
		};
		57DA987D2A9F4A100074409B /* XCRemoteSwiftPackageReference "firebase-ios-sdk" */ = {
			isa = XCRemoteSwiftPackageReference;
			repositoryURL = "https://github.com/firebase/firebase-ios-sdk";
			requirement = {
				kind = upToNextMajorVersion;
				minimumVersion = 10.0.0;
			};
		};
		D20FA28F2A6B99B40081B039 /* XCRemoteSwiftPackageReference "Moya" */ = {
			isa = XCRemoteSwiftPackageReference;
			repositoryURL = "https://github.com/Moya/Moya.git";
			requirement = {
				kind = upToNextMajorVersion;
				minimumVersion = 15.0.0;
			};
		};
		D263D7CF2AA9E09400BBF8C1 /* XCRemoteSwiftPackageReference "lottie-ios" */ = {
			isa = XCRemoteSwiftPackageReference;
			repositoryURL = "https://github.com/airbnb/lottie-ios";
			requirement = {
				kind = upToNextMajorVersion;
				minimumVersion = 4.0.0;
			};
		};
		D2E3AA2B2A8B64740049DDEF /* XCRemoteSwiftPackageReference "MessageKit" */ = {
			isa = XCRemoteSwiftPackageReference;
			repositoryURL = "https://github.com/MessageKit/MessageKit";
			requirement = {
				kind = upToNextMajorVersion;
				minimumVersion = 4.0.0;
			};
		};
/* End XCRemoteSwiftPackageReference section */

/* Begin XCSwiftPackageProductDependency section */
		57C1FFFB2A78CBAA00A664FD /* OpenAISwift */ = {
			isa = XCSwiftPackageProductDependency;
			package = 57C1FFFA2A78CBAA00A664FD /* XCRemoteSwiftPackageReference "OpenAISwift" */;
			productName = OpenAISwift;
		};
		57C2BF082AA85E2D0074DA8C /* FirebaseFirestore */ = {
			isa = XCSwiftPackageProductDependency;
			package = 57DA987D2A9F4A100074409B /* XCRemoteSwiftPackageReference "firebase-ios-sdk" */;
			productName = FirebaseFirestore;
		};
		57DA987E2A9F4A100074409B /* FirebaseAnalytics */ = {
			isa = XCSwiftPackageProductDependency;
			package = 57DA987D2A9F4A100074409B /* XCRemoteSwiftPackageReference "firebase-ios-sdk" */;
			productName = FirebaseAnalytics;
		};
		D20FA2902A6B99B40081B039 /* Moya */ = {
			isa = XCSwiftPackageProductDependency;
			package = D20FA28F2A6B99B40081B039 /* XCRemoteSwiftPackageReference "Moya" */;
			productName = Moya;
		};
		D263D7D02AA9E09400BBF8C1 /* Lottie */ = {
			isa = XCSwiftPackageProductDependency;
			package = D263D7CF2AA9E09400BBF8C1 /* XCRemoteSwiftPackageReference "lottie-ios" */;
			productName = Lottie;
		};
		D2E3AA2C2A8B64740049DDEF /* MessageKit */ = {
			isa = XCSwiftPackageProductDependency;
			package = D2E3AA2B2A8B64740049DDEF /* XCRemoteSwiftPackageReference "MessageKit" */;
			productName = MessageKit;
		};
/* End XCSwiftPackageProductDependency section */

/* Begin XCVersionGroup section */
		57462B302A94EC8800949D5C /* CoreDataModel.xcdatamodeld */ = {
			isa = XCVersionGroup;
			children = (
				57462B312A94EC8800949D5C /* CoreDataModel.xcdatamodel */,
			);
			currentVersion = 57462B312A94EC8800949D5C /* CoreDataModel.xcdatamodel */;
			path = CoreDataModel.xcdatamodeld;
			sourceTree = "<group>";
			versionGroupType = wrapper.xcdatamodel;
		};
/* End XCVersionGroup section */
	};
	rootObject = D20FA2672A6B8DA90081B039 /* Project object */;
}
